
Microsoft Visual Studio Solution File, Format Version 12.00
# Visual Studio Version 16
VisualStudioVersion = 16.0.32126.315
MinimumVisualStudioVersion = 10.0.40219.1
Project("{FAE04EC0-301F-11D3-BF4B-00C04F79EFBC}") = "A_Introduction", "A_Introduction\A_Introduction.csproj", "{F8133B25-D30F-46A9-8131-645A7A2E3A18}"
EndProject
Project("{FAE04EC0-301F-11D3-BF4B-00C04F79EFBC}") = "B_Binding", "B_Binding\B_Binding.csproj", "{96A71772-AA30-4131-81A8-E4E426EB1CB7}"
EndProject
Project("{FAE04EC0-301F-11D3-BF4B-00C04F79EFBC}") = "C_Containers", "C_Panels\C_Containers.csproj", "{6A0AB3B2-971F-401F-A204-4C0AE6A7FA82}"
EndProject
Project("{FAE04EC0-301F-11D3-BF4B-00C04F79EFBC}") = "D_AutresControles", "D_AutresControles\D_AutresControles.csproj", "{8DE2FCEB-A90C-48B0-AA1C-1209CED22A55}"
EndProject
Project("{FAE04EC0-301F-11D3-BF4B-00C04F79EFBC}") = "E_Template", "E_Template\E_Template.csproj", "{1D5492CA-841D-47F4-94E7-3AF720463FD0}"
EndProject
Project("{FAE04EC0-301F-11D3-BF4B-00C04F79EFBC}") = "F_Binding", "F_Binding\F_Binding.csproj", "{48F226F9-DF5F-418B-AFCB-F9CDB54B7A15}"
EndProject
Project("{FAE04EC0-301F-11D3-BF4B-00C04F79EFBC}") = "G_CollectionBindings", "G_CollectionBindings\G_CollectionBindings.csproj", "{A1B3BC05-5EE1-4484-891F-76F2C795DAB8}"
EndProject
Project("{FAE04EC0-301F-11D3-BF4B-00C04F79EFBC}") = "H_AdvWorks", "H_AdvWorks\H_AdvWorks.csproj", "{E42F6B95-3BE1-4F88-BFC1-EB4FF52904BE}"
EndProject
Global
	GlobalSection(SolutionConfigurationPlatforms) = preSolution
		Debug|Any CPU = Debug|Any CPU
		Release|Any CPU = Release|Any CPU
	EndGlobalSection
	GlobalSection(ProjectConfigurationPlatforms) = postSolution
		{F8133B25-D30F-46A9-8131-645A7A2E3A18}.Debug|Any CPU.ActiveCfg = Debug|Any CPU
		{F8133B25-D30F-46A9-8131-645A7A2E3A18}.Debug|Any CPU.Build.0 = Debug|Any CPU
		{F8133B25-D30F-46A9-8131-645A7A2E3A18}.Release|Any CPU.ActiveCfg = Release|Any CPU
		{F8133B25-D30F-46A9-8131-645A7A2E3A18}.Release|Any CPU.Build.0 = Release|Any CPU
		{96A71772-AA30-4131-81A8-E4E426EB1CB7}.Debug|Any CPU.ActiveCfg = Debug|Any CPU
		{96A71772-AA30-4131-81A8-E4E426EB1CB7}.Debug|Any CPU.Build.0 = Debug|Any CPU
		{96A71772-AA30-4131-81A8-E4E426EB1CB7}.Release|Any CPU.ActiveCfg = Release|Any CPU
		{96A71772-AA30-4131-81A8-E4E426EB1CB7}.Release|Any CPU.Build.0 = Release|Any CPU
		{6A0AB3B2-971F-401F-A204-4C0AE6A7FA82}.Debug|Any CPU.ActiveCfg = Debug|Any CPU
		{6A0AB3B2-971F-401F-A204-4C0AE6A7FA82}.Debug|Any CPU.Build.0 = Debug|Any CPU
		{6A0AB3B2-971F-401F-A204-4C0AE6A7FA82}.Release|Any CPU.ActiveCfg = Release|Any CPU
		{6A0AB3B2-971F-401F-A204-4C0AE6A7FA82}.Release|Any CPU.Build.0 = Release|Any CPU
		{8DE2FCEB-A90C-48B0-AA1C-1209CED22A55}.Debug|Any CPU.ActiveCfg = Debug|Any CPU
		{8DE2FCEB-A90C-48B0-AA1C-1209CED22A55}.Debug|Any CPU.Build.0 = Debug|Any CPU
		{8DE2FCEB-A90C-48B0-AA1C-1209CED22A55}.Release|Any CPU.ActiveCfg = Release|Any CPU
		{8DE2FCEB-A90C-48B0-AA1C-1209CED22A55}.Release|Any CPU.Build.0 = Release|Any CPU
		{1D5492CA-841D-47F4-94E7-3AF720463FD0}.Debug|Any CPU.ActiveCfg = Debug|Any CPU
		{1D5492CA-841D-47F4-94E7-3AF720463FD0}.Debug|Any CPU.Build.0 = Debug|Any CPU
		{1D5492CA-841D-47F4-94E7-3AF720463FD0}.Release|Any CPU.ActiveCfg = Release|Any CPU
		{1D5492CA-841D-47F4-94E7-3AF720463FD0}.Release|Any CPU.Build.0 = Release|Any CPU
		{48F226F9-DF5F-418B-AFCB-F9CDB54B7A15}.Debug|Any CPU.ActiveCfg = Debug|Any CPU
		{48F226F9-DF5F-418B-AFCB-F9CDB54B7A15}.Debug|Any CPU.Build.0 = Debug|Any CPU
		{48F226F9-DF5F-418B-AFCB-F9CDB54B7A15}.Release|Any CPU.ActiveCfg = Release|Any CPU
		{48F226F9-DF5F-418B-AFCB-F9CDB54B7A15}.Release|Any CPU.Build.0 = Release|Any CPU
		{A1B3BC05-5EE1-4484-891F-76F2C795DAB8}.Debug|Any CPU.ActiveCfg = Debug|Any CPU
		{A1B3BC05-5EE1-4484-891F-76F2C795DAB8}.Debug|Any CPU.Build.0 = Debug|Any CPU
		{A1B3BC05-5EE1-4484-891F-76F2C795DAB8}.Release|Any CPU.ActiveCfg = Release|Any CPU
		{A1B3BC05-5EE1-4484-891F-76F2C795DAB8}.Release|Any CPU.Build.0 = Release|Any CPU
		{E42F6B95-3BE1-4F88-BFC1-EB4FF52904BE}.Debug|Any CPU.ActiveCfg = Debug|Any CPU
		{E42F6B95-3BE1-4F88-BFC1-EB4FF52904BE}.Debug|Any CPU.Build.0 = Debug|Any CPU
		{E42F6B95-3BE1-4F88-BFC1-EB4FF52904BE}.Release|Any CPU.ActiveCfg = Release|Any CPU
		{E42F6B95-3BE1-4F88-BFC1-EB4FF52904BE}.Release|Any CPU.Build.0 = Release|Any CPU
	EndGlobalSection
	GlobalSection(SolutionProperties) = preSolution
		HideSolutionNode = FALSE
	EndGlobalSection
	GlobalSection(ExtensibilityGlobals) = postSolution
		SolutionGuid = {4869C715-1829-45E7-BDF6-01274D07644C}
	EndGlobalSection
EndGlobal
