
Microsoft Visual Studio Solution File, Format Version 12.00
# Visual Studio Version 16
VisualStudioVersion = 16.0.32126.315
MinimumVisualStudioVersion = 10.0.40219.1
Project("{FAE04EC0-301F-11D3-BF4B-00C04F79EFBC}") = "1_Portee", "Portee\1_Portee.csproj", "{79DC4B3E-8B46-4D48-91E0-C9AF576343E8}"
EndProject
Project("{FAE04EC0-301F-11D3-BF4B-00C04F79EFBC}") = "2_ExceptionDemo", "ExceptionDemo\2_ExceptionDemo.csproj", "{7799F87E-E629-4DA4-B7B9-FE723F65259B}"
EndProject
Project("{FAE04EC0-301F-11D3-BF4B-00C04F79EFBC}") = "3_ChargeurDeClasse", "ChargeurDeClasse\3_ChargeurDeClasse.csproj", "{36C6B8A0-AC8A-4382-B1F3-9F5A8A428357}"
EndProject
Project("{FAE04EC0-301F-11D3-BF4B-00C04F79EFBC}") = "3_ChargeurDeClasse2", "ChargeurClasse2\3_ChargeurDeClasse2.csproj", "{3F08EBB6-30F0-4EA1-84DB-E8D99C2AD6A6}"
EndProject
Project("{FAE04EC0-301F-11D3-BF4B-00C04F79EFBC}") = "4_Constructeur", "5_Constructeur\4_Constructeur.csproj", "{B3B125CF-32EA-480B-AF35-5F1C57B6A526}"
EndProject
Project("{FAE04EC0-301F-11D3-BF4B-00C04F79EFBC}") = "5_Jessy", "5_Jessy\5_Jessy.csproj", "{5A058522-1996-4E40-952D-A4B24505E491}"
EndProject
Project("{FAE04EC0-301F-11D3-BF4B-00C04F79EFBC}") = "6_Polymorphisme", "6_Polymorphisme\6_Polymorphisme.csproj", "{AFF1A253-A0DF-4545-9450-E2B533C1485B}"
EndProject
Project("{FAE04EC0-301F-11D3-BF4B-00C04F79EFBC}") = "7_Delegue", "7_Delegue\7_Delegue.csproj", "{831DC52A-31DE-4881-A70B-C4648AA99A5D}"
EndProject
Project("{FAE04EC0-301F-11D3-BF4B-00C04F79EFBC}") = "7_ExoDelegue", "7_ExoDelegue\7_ExoDelegue.csproj", "{CF146588-247E-486A-ABE2-23F907946ECE}"
EndProject
Project("{FAE04EC0-301F-11D3-BF4B-00C04F79EFBC}") = "8_DelegueFramework", "8_DelegueFramework\8_DelegueFramework.csproj", "{6C608707-AE8E-4049-A87B-331BD968A4EA}"
EndProject
Project("{FAE04EC0-301F-11D3-BF4B-00C04F79EFBC}") = "9_LinqDemo", "9_LinqDemo\9_LinqDemo.csproj", "{1A611ADA-4DB6-4922-A628-9E1E15B44562}"
EndProject
Project("{FAE04EC0-301F-11D3-BF4B-00C04F79EFBC}") = "9_1_Linq_Exo", "9_Linq_Exo\9_1_Linq_Exo.csproj", "{78EAC1EA-C73A-4B52-A52B-748B31251F5C}"
EndProject
Project("{FAE04EC0-301F-11D3-BF4B-00C04F79EFBC}") = "A_MethodeExtension", "A_MethodeExtension\A_MethodeExtension.csproj", "{D5AF1C42-6EAB-4715-8EED-40222ED76960}"
EndProject
Project("{FAE04EC0-301F-11D3-BF4B-00C04F79EFBC}") = "B_Attributs", "B_Attributs\B_Attributs.csproj", "{642339F1-7FE2-4F28-BFD3-59D4D9D7037C}"
EndProject
Project("{FAE04EC0-301F-11D3-BF4B-00C04F79EFBC}") = "B_Nullable", "B_Nullable\B_Nullable.csproj", "{85136DEC-770B-4391-AF08-3FE4778B8157}"
EndProject
Project("{FAE04EC0-301F-11D3-BF4B-00C04F79EFBC}") = "C_Serialisation", "C_Serialisation\C_Serialisation.csproj", "{8EB54530-77E6-4983-9CF2-8680076F3206}"
EndProject
Project("{FAE04EC0-301F-11D3-BF4B-00C04F79EFBC}") = "D_Indexeur", "D_Indexeur\D_Indexeur.csproj", "{FCB5ECA6-A129-498D-9264-3E544C83199F}"
EndProject
Project("{FAE04EC0-301F-11D3-BF4B-00C04F79EFBC}") = "E_ClasseGenerique", "E_ClasseGenerique\E_ClasseGenerique.csproj", "{BE34557F-3E6C-44AA-8762-AACC568D23AB}"
EndProject
Project("{FAE04EC0-301F-11D3-BF4B-00C04F79EFBC}") = "F_Exos", "F_Exos\F_Exos.csproj", "{45092B2D-8050-479E-A59B-47D48A97C6DD}"
EndProject
Project("{FAE04EC0-301F-11D3-BF4B-00C04F79EFBC}") = "G_LambdaExpression", "G_LambdaExpression\G_LambdaExpression.csproj", "{FBE576EF-56DB-434C-8A7B-B8CB13CA0A50}"
EndProject
Project("{FAE04EC0-301F-11D3-BF4B-00C04F79EFBC}") = "H_DevinerVersionClasse", "H_DevinerVersionClasse\H_DevinerVersionClasse.csproj", "{59E4C31D-A017-4063-8093-0FEF0A4B06EF}"
EndProject
Project("{FAE04EC0-301F-11D3-BF4B-00C04F79EFBC}") = "I_RevisionDelegue", "I_RevisionDelegue\I_RevisionDelegue.csproj", "{B253CC72-3D74-4E44-B09E-61802E653C28}"
EndProject
Project("{FAE04EC0-301F-11D3-BF4B-00C04F79EFBC}") = "J_RevisionDelegue", "J_RevisionDelegue\J_RevisionDelegue.csproj", "{9315FE6C-04E9-4C3D-94B0-ACCE247C9139}"
EndProject
Project("{FAE04EC0-301F-11D3-BF4B-00C04F79EFBC}") = "J_RevisionDelegueV2", "J_RevisionDelegueV2\J_RevisionDelegueV2.csproj", "{919BA660-A587-42C1-900B-791FD93AFB9A}"
EndProject
Project("{FAE04EC0-301F-11D3-BF4B-00C04F79EFBC}") = "K_ADONET", "K_ADONET\K_ADONET.csproj", "{54F2951C-0FF4-4105-B9C2-DCE3A336F356}"
EndProject
Project("{FAE04EC0-301F-11D3-BF4B-00C04F79EFBC}") = "L_DataSetTypé", "L_DataSet\L_DataSetTypé.csproj", "{D9924930-D97E-4148-A94A-133ED54E4F4C}"
EndProject
Project("{FAE04EC0-301F-11D3-BF4B-00C04F79EFBC}") = "M_Deviner_BOL", "M_Deviner_BOL\M_Deviner_BOL.csproj", "{BC0CEA44-65DB-4510-8AD9-39EE189939FF}"
EndProject
Project("{FAE04EC0-301F-11D3-BF4B-00C04F79EFBC}") = "M_Deviner_DAL", "M_Deviner_DAL\M_Deviner_DAL.csproj", "{F7281EB4-60D1-4533-B5BA-2E9CA207E67F}"
EndProject
Project("{FAE04EC0-301F-11D3-BF4B-00C04F79EFBC}") = "M_Deviner_DAL2", "M_Deviner_DAL2\M_Deviner_DAL2.csproj", "{552E9E4C-6957-429D-9563-75C1D2D680C8}"
EndProject
Project("{FAE04EC0-301F-11D3-BF4B-00C04F79EFBC}") = "M_Deviner_UIL", "M_Deviner_UIL\M_Deviner_UIL.csproj", "{626F4F75-301C-46B2-9777-A715F8038606}"
EndProject
Global
	GlobalSection(SolutionConfigurationPlatforms) = preSolution
		Debug|Any CPU = Debug|Any CPU
		Release|Any CPU = Release|Any CPU
	EndGlobalSection
	GlobalSection(ProjectConfigurationPlatforms) = postSolution
		{79DC4B3E-8B46-4D48-91E0-C9AF576343E8}.Debug|Any CPU.ActiveCfg = Debug|Any CPU
		{79DC4B3E-8B46-4D48-91E0-C9AF576343E8}.Debug|Any CPU.Build.0 = Debug|Any CPU
		{79DC4B3E-8B46-4D48-91E0-C9AF576343E8}.Release|Any CPU.ActiveCfg = Release|Any CPU
		{79DC4B3E-8B46-4D48-91E0-C9AF576343E8}.Release|Any CPU.Build.0 = Release|Any CPU
		{7799F87E-E629-4DA4-B7B9-FE723F65259B}.Debug|Any CPU.ActiveCfg = Debug|Any CPU
		{7799F87E-E629-4DA4-B7B9-FE723F65259B}.Debug|Any CPU.Build.0 = Debug|Any CPU
		{7799F87E-E629-4DA4-B7B9-FE723F65259B}.Release|Any CPU.ActiveCfg = Release|Any CPU
		{7799F87E-E629-4DA4-B7B9-FE723F65259B}.Release|Any CPU.Build.0 = Release|Any CPU
		{36C6B8A0-AC8A-4382-B1F3-9F5A8A428357}.Debug|Any CPU.ActiveCfg = Debug|Any CPU
		{36C6B8A0-AC8A-4382-B1F3-9F5A8A428357}.Debug|Any CPU.Build.0 = Debug|Any CPU
		{36C6B8A0-AC8A-4382-B1F3-9F5A8A428357}.Release|Any CPU.ActiveCfg = Release|Any CPU
		{36C6B8A0-AC8A-4382-B1F3-9F5A8A428357}.Release|Any CPU.Build.0 = Release|Any CPU
		{3F08EBB6-30F0-4EA1-84DB-E8D99C2AD6A6}.Debug|Any CPU.ActiveCfg = Debug|Any CPU
		{3F08EBB6-30F0-4EA1-84DB-E8D99C2AD6A6}.Debug|Any CPU.Build.0 = Debug|Any CPU
		{3F08EBB6-30F0-4EA1-84DB-E8D99C2AD6A6}.Release|Any CPU.ActiveCfg = Release|Any CPU
		{3F08EBB6-30F0-4EA1-84DB-E8D99C2AD6A6}.Release|Any CPU.Build.0 = Release|Any CPU
		{B3B125CF-32EA-480B-AF35-5F1C57B6A526}.Debug|Any CPU.ActiveCfg = Debug|Any CPU
		{B3B125CF-32EA-480B-AF35-5F1C57B6A526}.Debug|Any CPU.Build.0 = Debug|Any CPU
		{B3B125CF-32EA-480B-AF35-5F1C57B6A526}.Release|Any CPU.ActiveCfg = Release|Any CPU
		{B3B125CF-32EA-480B-AF35-5F1C57B6A526}.Release|Any CPU.Build.0 = Release|Any CPU
		{5A058522-1996-4E40-952D-A4B24505E491}.Debug|Any CPU.ActiveCfg = Debug|Any CPU
		{5A058522-1996-4E40-952D-A4B24505E491}.Debug|Any CPU.Build.0 = Debug|Any CPU
		{5A058522-1996-4E40-952D-A4B24505E491}.Release|Any CPU.ActiveCfg = Release|Any CPU
		{5A058522-1996-4E40-952D-A4B24505E491}.Release|Any CPU.Build.0 = Release|Any CPU
		{AFF1A253-A0DF-4545-9450-E2B533C1485B}.Debug|Any CPU.ActiveCfg = Debug|Any CPU
		{AFF1A253-A0DF-4545-9450-E2B533C1485B}.Debug|Any CPU.Build.0 = Debug|Any CPU
		{AFF1A253-A0DF-4545-9450-E2B533C1485B}.Release|Any CPU.ActiveCfg = Release|Any CPU
		{AFF1A253-A0DF-4545-9450-E2B533C1485B}.Release|Any CPU.Build.0 = Release|Any CPU
		{831DC52A-31DE-4881-A70B-C4648AA99A5D}.Debug|Any CPU.ActiveCfg = Debug|Any CPU
		{831DC52A-31DE-4881-A70B-C4648AA99A5D}.Debug|Any CPU.Build.0 = Debug|Any CPU
		{831DC52A-31DE-4881-A70B-C4648AA99A5D}.Release|Any CPU.ActiveCfg = Release|Any CPU
		{831DC52A-31DE-4881-A70B-C4648AA99A5D}.Release|Any CPU.Build.0 = Release|Any CPU
		{CF146588-247E-486A-ABE2-23F907946ECE}.Debug|Any CPU.ActiveCfg = Debug|Any CPU
		{CF146588-247E-486A-ABE2-23F907946ECE}.Debug|Any CPU.Build.0 = Debug|Any CPU
		{CF146588-247E-486A-ABE2-23F907946ECE}.Release|Any CPU.ActiveCfg = Release|Any CPU
		{CF146588-247E-486A-ABE2-23F907946ECE}.Release|Any CPU.Build.0 = Release|Any CPU
		{6C608707-AE8E-4049-A87B-331BD968A4EA}.Debug|Any CPU.ActiveCfg = Debug|Any CPU
		{6C608707-AE8E-4049-A87B-331BD968A4EA}.Debug|Any CPU.Build.0 = Debug|Any CPU
		{6C608707-AE8E-4049-A87B-331BD968A4EA}.Release|Any CPU.ActiveCfg = Release|Any CPU
		{6C608707-AE8E-4049-A87B-331BD968A4EA}.Release|Any CPU.Build.0 = Release|Any CPU
		{1A611ADA-4DB6-4922-A628-9E1E15B44562}.Debug|Any CPU.ActiveCfg = Debug|Any CPU
		{1A611ADA-4DB6-4922-A628-9E1E15B44562}.Debug|Any CPU.Build.0 = Debug|Any CPU
		{1A611ADA-4DB6-4922-A628-9E1E15B44562}.Release|Any CPU.ActiveCfg = Release|Any CPU
		{1A611ADA-4DB6-4922-A628-9E1E15B44562}.Release|Any CPU.Build.0 = Release|Any CPU
		{78EAC1EA-C73A-4B52-A52B-748B31251F5C}.Debug|Any CPU.ActiveCfg = Debug|Any CPU
		{78EAC1EA-C73A-4B52-A52B-748B31251F5C}.Debug|Any CPU.Build.0 = Debug|Any CPU
		{78EAC1EA-C73A-4B52-A52B-748B31251F5C}.Release|Any CPU.ActiveCfg = Release|Any CPU
		{78EAC1EA-C73A-4B52-A52B-748B31251F5C}.Release|Any CPU.Build.0 = Release|Any CPU
		{D5AF1C42-6EAB-4715-8EED-40222ED76960}.Debug|Any CPU.ActiveCfg = Debug|Any CPU
		{D5AF1C42-6EAB-4715-8EED-40222ED76960}.Debug|Any CPU.Build.0 = Debug|Any CPU
		{D5AF1C42-6EAB-4715-8EED-40222ED76960}.Release|Any CPU.ActiveCfg = Release|Any CPU
		{D5AF1C42-6EAB-4715-8EED-40222ED76960}.Release|Any CPU.Build.0 = Release|Any CPU
		{642339F1-7FE2-4F28-BFD3-59D4D9D7037C}.Debug|Any CPU.ActiveCfg = Debug|Any CPU
		{642339F1-7FE2-4F28-BFD3-59D4D9D7037C}.Debug|Any CPU.Build.0 = Debug|Any CPU
		{642339F1-7FE2-4F28-BFD3-59D4D9D7037C}.Release|Any CPU.ActiveCfg = Release|Any CPU
		{642339F1-7FE2-4F28-BFD3-59D4D9D7037C}.Release|Any CPU.Build.0 = Release|Any CPU
		{85136DEC-770B-4391-AF08-3FE4778B8157}.Debug|Any CPU.ActiveCfg = Debug|Any CPU
		{85136DEC-770B-4391-AF08-3FE4778B8157}.Debug|Any CPU.Build.0 = Debug|Any CPU
		{85136DEC-770B-4391-AF08-3FE4778B8157}.Release|Any CPU.ActiveCfg = Release|Any CPU
		{85136DEC-770B-4391-AF08-3FE4778B8157}.Release|Any CPU.Build.0 = Release|Any CPU
		{8EB54530-77E6-4983-9CF2-8680076F3206}.Debug|Any CPU.ActiveCfg = Debug|Any CPU
		{8EB54530-77E6-4983-9CF2-8680076F3206}.Debug|Any CPU.Build.0 = Debug|Any CPU
		{8EB54530-77E6-4983-9CF2-8680076F3206}.Release|Any CPU.ActiveCfg = Release|Any CPU
		{8EB54530-77E6-4983-9CF2-8680076F3206}.Release|Any CPU.Build.0 = Release|Any CPU
		{FCB5ECA6-A129-498D-9264-3E544C83199F}.Debug|Any CPU.ActiveCfg = Debug|Any CPU
		{FCB5ECA6-A129-498D-9264-3E544C83199F}.Debug|Any CPU.Build.0 = Debug|Any CPU
		{FCB5ECA6-A129-498D-9264-3E544C83199F}.Release|Any CPU.ActiveCfg = Release|Any CPU
		{FCB5ECA6-A129-498D-9264-3E544C83199F}.Release|Any CPU.Build.0 = Release|Any CPU
		{BE34557F-3E6C-44AA-8762-AACC568D23AB}.Debug|Any CPU.ActiveCfg = Debug|Any CPU
		{BE34557F-3E6C-44AA-8762-AACC568D23AB}.Debug|Any CPU.Build.0 = Debug|Any CPU
		{BE34557F-3E6C-44AA-8762-AACC568D23AB}.Release|Any CPU.ActiveCfg = Release|Any CPU
		{BE34557F-3E6C-44AA-8762-AACC568D23AB}.Release|Any CPU.Build.0 = Release|Any CPU
		{45092B2D-8050-479E-A59B-47D48A97C6DD}.Debug|Any CPU.ActiveCfg = Debug|Any CPU
		{45092B2D-8050-479E-A59B-47D48A97C6DD}.Debug|Any CPU.Build.0 = Debug|Any CPU
		{45092B2D-8050-479E-A59B-47D48A97C6DD}.Release|Any CPU.ActiveCfg = Release|Any CPU
		{45092B2D-8050-479E-A59B-47D48A97C6DD}.Release|Any CPU.Build.0 = Release|Any CPU
		{FBE576EF-56DB-434C-8A7B-B8CB13CA0A50}.Debug|Any CPU.ActiveCfg = Debug|Any CPU
		{FBE576EF-56DB-434C-8A7B-B8CB13CA0A50}.Debug|Any CPU.Build.0 = Debug|Any CPU
		{FBE576EF-56DB-434C-8A7B-B8CB13CA0A50}.Release|Any CPU.ActiveCfg = Release|Any CPU
		{FBE576EF-56DB-434C-8A7B-B8CB13CA0A50}.Release|Any CPU.Build.0 = Release|Any CPU
		{59E4C31D-A017-4063-8093-0FEF0A4B06EF}.Debug|Any CPU.ActiveCfg = Debug|Any CPU
		{59E4C31D-A017-4063-8093-0FEF0A4B06EF}.Debug|Any CPU.Build.0 = Debug|Any CPU
		{59E4C31D-A017-4063-8093-0FEF0A4B06EF}.Release|Any CPU.ActiveCfg = Release|Any CPU
		{59E4C31D-A017-4063-8093-0FEF0A4B06EF}.Release|Any CPU.Build.0 = Release|Any CPU
		{B253CC72-3D74-4E44-B09E-61802E653C28}.Debug|Any CPU.ActiveCfg = Debug|Any CPU
		{B253CC72-3D74-4E44-B09E-61802E653C28}.Debug|Any CPU.Build.0 = Debug|Any CPU
		{B253CC72-3D74-4E44-B09E-61802E653C28}.Release|Any CPU.ActiveCfg = Release|Any CPU
		{B253CC72-3D74-4E44-B09E-61802E653C28}.Release|Any CPU.Build.0 = Release|Any CPU
		{9315FE6C-04E9-4C3D-94B0-ACCE247C9139}.Debug|Any CPU.ActiveCfg = Debug|Any CPU
		{9315FE6C-04E9-4C3D-94B0-ACCE247C9139}.Debug|Any CPU.Build.0 = Debug|Any CPU
		{9315FE6C-04E9-4C3D-94B0-ACCE247C9139}.Release|Any CPU.ActiveCfg = Release|Any CPU
		{9315FE6C-04E9-4C3D-94B0-ACCE247C9139}.Release|Any CPU.Build.0 = Release|Any CPU
		{919BA660-A587-42C1-900B-791FD93AFB9A}.Debug|Any CPU.ActiveCfg = Debug|Any CPU
		{919BA660-A587-42C1-900B-791FD93AFB9A}.Debug|Any CPU.Build.0 = Debug|Any CPU
		{919BA660-A587-42C1-900B-791FD93AFB9A}.Release|Any CPU.ActiveCfg = Release|Any CPU
		{919BA660-A587-42C1-900B-791FD93AFB9A}.Release|Any CPU.Build.0 = Release|Any CPU
		{54F2951C-0FF4-4105-B9C2-DCE3A336F356}.Debug|Any CPU.ActiveCfg = Debug|Any CPU
		{54F2951C-0FF4-4105-B9C2-DCE3A336F356}.Debug|Any CPU.Build.0 = Debug|Any CPU
		{54F2951C-0FF4-4105-B9C2-DCE3A336F356}.Release|Any CPU.ActiveCfg = Release|Any CPU
		{54F2951C-0FF4-4105-B9C2-DCE3A336F356}.Release|Any CPU.Build.0 = Release|Any CPU
		{D9924930-D97E-4148-A94A-133ED54E4F4C}.Debug|Any CPU.ActiveCfg = Debug|Any CPU
		{D9924930-D97E-4148-A94A-133ED54E4F4C}.Debug|Any CPU.Build.0 = Debug|Any CPU
		{D9924930-D97E-4148-A94A-133ED54E4F4C}.Release|Any CPU.ActiveCfg = Release|Any CPU
		{D9924930-D97E-4148-A94A-133ED54E4F4C}.Release|Any CPU.Build.0 = Release|Any CPU
		{BC0CEA44-65DB-4510-8AD9-39EE189939FF}.Debug|Any CPU.ActiveCfg = Debug|Any CPU
		{BC0CEA44-65DB-4510-8AD9-39EE189939FF}.Debug|Any CPU.Build.0 = Debug|Any CPU
		{BC0CEA44-65DB-4510-8AD9-39EE189939FF}.Release|Any CPU.ActiveCfg = Release|Any CPU
		{BC0CEA44-65DB-4510-8AD9-39EE189939FF}.Release|Any CPU.Build.0 = Release|Any CPU
		{F7281EB4-60D1-4533-B5BA-2E9CA207E67F}.Debug|Any CPU.ActiveCfg = Debug|Any CPU
		{F7281EB4-60D1-4533-B5BA-2E9CA207E67F}.Debug|Any CPU.Build.0 = Debug|Any CPU
		{F7281EB4-60D1-4533-B5BA-2E9CA207E67F}.Release|Any CPU.ActiveCfg = Release|Any CPU
		{F7281EB4-60D1-4533-B5BA-2E9CA207E67F}.Release|Any CPU.Build.0 = Release|Any CPU
		{552E9E4C-6957-429D-9563-75C1D2D680C8}.Debug|Any CPU.ActiveCfg = Debug|Any CPU
		{552E9E4C-6957-429D-9563-75C1D2D680C8}.Debug|Any CPU.Build.0 = Debug|Any CPU
		{552E9E4C-6957-429D-9563-75C1D2D680C8}.Release|Any CPU.ActiveCfg = Release|Any CPU
		{552E9E4C-6957-429D-9563-75C1D2D680C8}.Release|Any CPU.Build.0 = Release|Any CPU
		{626F4F75-301C-46B2-9777-A715F8038606}.Debug|Any CPU.ActiveCfg = Debug|Any CPU
		{626F4F75-301C-46B2-9777-A715F8038606}.Debug|Any CPU.Build.0 = Debug|Any CPU
		{626F4F75-301C-46B2-9777-A715F8038606}.Release|Any CPU.ActiveCfg = Release|Any CPU
		{626F4F75-301C-46B2-9777-A715F8038606}.Release|Any CPU.Build.0 = Release|Any CPU
	EndGlobalSection
	GlobalSection(SolutionProperties) = preSolution
		HideSolutionNode = FALSE
	EndGlobalSection
	GlobalSection(ExtensibilityGlobals) = postSolution
		SolutionGuid = {E4C65339-2C17-4CB4-AFEE-1FDE85FD567F}
	EndGlobalSection
EndGlobal
