
Microsoft Visual Studio Solution File, Format Version 12.00
# Visual Studio Version 17
VisualStudioVersion = 17.2.32616.157
MinimumVisualStudioVersion = 10.0.40219.1
Project("{FAE04EC0-301F-11D3-BF4B-00C04F79EFBC}") = "A_UILConsole", "UILConsole\A_UILConsole.csproj", "{23D10D18-B01D-4E88-9E5F-E5582B988A45}"
EndProject
Project("{FAE04EC0-301F-11D3-BF4B-00C04F79EFBC}") = "B_Piscine_BOL", "Piscine_BOL\B_Piscine_BOL.csproj", "{312CA14E-2CC6-4DA7-942B-3DA6EA3A1B20}"
EndProject
Project("{FAE04EC0-301F-11D3-BF4B-00C04F79EFBC}") = "C_Piscine_DAL", "Piscine_DAL\C_Piscine_DAL.csproj", "{87CA0B74-796C-4B9D-AD0E-CC723CFC7AD0}"
EndProject
Global
	GlobalSection(SolutionConfigurationPlatforms) = preSolution
		Debug|Any CPU = Debug|Any CPU
		Release|Any CPU = Release|Any CPU
	EndGlobalSection
	GlobalSection(ProjectConfigurationPlatforms) = postSolution
		{23D10D18-B01D-4E88-9E5F-E5582B988A45}.Debug|Any CPU.ActiveCfg = Debug|Any CPU
		{23D10D18-B01D-4E88-9E5F-E5582B988A45}.Debug|Any CPU.Build.0 = Debug|Any CPU
		{23D10D18-B01D-4E88-9E5F-E5582B988A45}.Release|Any CPU.ActiveCfg = Release|Any CPU
		{23D10D18-B01D-4E88-9E5F-E5582B988A45}.Release|Any CPU.Build.0 = Release|Any CPU
		{312CA14E-2CC6-4DA7-942B-3DA6EA3A1B20}.Debug|Any CPU.ActiveCfg = Debug|Any CPU
		{312CA14E-2CC6-4DA7-942B-3DA6EA3A1B20}.Debug|Any CPU.Build.0 = Debug|Any CPU
		{312CA14E-2CC6-4DA7-942B-3DA6EA3A1B20}.Release|Any CPU.ActiveCfg = Release|Any CPU
		{312CA14E-2CC6-4DA7-942B-3DA6EA3A1B20}.Release|Any CPU.Build.0 = Release|Any CPU
		{87CA0B74-796C-4B9D-AD0E-CC723CFC7AD0}.Debug|Any CPU.ActiveCfg = Debug|Any CPU
		{87CA0B74-796C-4B9D-AD0E-CC723CFC7AD0}.Debug|Any CPU.Build.0 = Debug|Any CPU
		{87CA0B74-796C-4B9D-AD0E-CC723CFC7AD0}.Release|Any CPU.ActiveCfg = Release|Any CPU
		{87CA0B74-796C-4B9D-AD0E-CC723CFC7AD0}.Release|Any CPU.Build.0 = Release|Any CPU
	EndGlobalSection
	GlobalSection(SolutionProperties) = preSolution
		HideSolutionNode = FALSE
	EndGlobalSection
	GlobalSection(ExtensibilityGlobals) = postSolution
		SolutionGuid = {3A7B10DE-6629-4739-BAE5-4DC1B8E50E3F}
	EndGlobalSection
EndGlobal
