
Microsoft Visual Studio Solution File, Format Version 12.00
# Visual Studio Version 17
VisualStudioVersion = 17.2.32616.157
MinimumVisualStudioVersion = 10.0.40219.1
Project("{FAE04EC0-301F-11D3-BF4B-00C04F79EFBC}") = "A_UILConsole", "UILConsole\A_UILConsole.csproj", "{23D10D18-B01D-4E88-9E5F-E5582B988A45}"
EndProject
Project("{FAE04EC0-301F-11D3-BF4B-00C04F79EFBC}") = "B_Piscine_BOL", "Piscine_BOL\B_Piscine_BOL.csproj", "{312CA14E-2CC6-4DA7-942B-3DA6EA3A1B20}"
EndProject
Project("{FAE04EC0-301F-11D3-BF4B-00C04F79EFBC}") = "C_Piscine_DAL", "Piscine_DAL\C_Piscine_DAL.csproj", "{87CA0B74-796C-4B9D-AD0E-CC723CFC7AD0}"
EndProject
Project("{FAE04EC0-301F-11D3-BF4B-00C04F79EFBC}") = "D_Piscine_Tests", "D_Piscine_Tests\D_Piscine_Tests.csproj", "{F55E762C-03FF-473C-BE7D-63AC57F15F9E}"
EndProject
Project("{FAE04EC0-301F-11D3-BF4B-00C04F79EFBC}") = "E_Piscine_Commun", "E_Piscine_Commun\E_Piscine_Commun.csproj", "{76E504DA-BA85-4F32-B83B-5C1E682C5FA5}"
EndProject
Project("{FAE04EC0-301F-11D3-BF4B-00C04F79EFBC}") = "F_Piscine_WebApi", "F_Piscine_WebApi\F_Piscine_WebApi.csproj", "{0253C970-75D2-496C-9BF2-C2ACDFDCF659}"
EndProject
Project("{FAE04EC0-301F-11D3-BF4B-00C04F79EFBC}") = "G_UILWpf", "G_UILWpf\G_UILWpf.csproj", "{10A85AA6-2C52-49F5-A806-311F3CA6E967}"
EndProject
Project("{2150E333-8FDC-42A3-9474-1A3956D46DE8}") = "Interfaces", "Interfaces", "{EE91F4BF-EA56-4EE1-B1F8-9E30A2F351CC}"
EndProject
Project("{2150E333-8FDC-42A3-9474-1A3956D46DE8}") = "Tests unitaires", "Tests unitaires", "{0AF51903-1E50-4A92-A8EF-0BED7B920F6D}"
EndProject
Project("{2150E333-8FDC-42A3-9474-1A3956D46DE8}") = "Services", "Services", "{01F1A3DA-9A99-4DE9-A9A3-16A137477AAA}"
EndProject
Project("{2150E333-8FDC-42A3-9474-1A3956D46DE8}") = "Divers", "Divers", "{9C29D475-74CD-4F7D-9F07-B654507DB63A}"
EndProject
Project("{2150E333-8FDC-42A3-9474-1A3956D46DE8}") = "Métier", "Métier", "{64058385-CB6E-42F5-AA77-61FBA32065A3}"
EndProject
Project("{2150E333-8FDC-42A3-9474-1A3956D46DE8}") = "Données", "Données", "{9545F1CA-68E9-4E2A-9ECE-C5C978033AB0}"
EndProject
Project("{FAE04EC0-301F-11D3-BF4B-00C04F79EFBC}") = "H_UILWeb", "H_UILWeb\H_UILWeb.csproj", "{895B7B13-B2CD-484A-8EAC-B3DC3F06962C}"
EndProject
Project("{9092AA53-FB77-4645-B42D-1CCCA6BD08BD}") = "I_Piscine_Nodejs", "I_Piscine_Nodejs\I_Piscine_Nodejs.njsproj", "{85EF078D-CB47-4FE5-92D4-72986975A141}"
EndProject
Global
	GlobalSection(SolutionConfigurationPlatforms) = preSolution
		Debug|Any CPU = Debug|Any CPU
		Release|Any CPU = Release|Any CPU
	EndGlobalSection
	GlobalSection(ProjectConfigurationPlatforms) = postSolution
		{23D10D18-B01D-4E88-9E5F-E5582B988A45}.Debug|Any CPU.ActiveCfg = Debug|Any CPU
		{23D10D18-B01D-4E88-9E5F-E5582B988A45}.Debug|Any CPU.Build.0 = Debug|Any CPU
		{23D10D18-B01D-4E88-9E5F-E5582B988A45}.Release|Any CPU.ActiveCfg = Release|Any CPU
		{23D10D18-B01D-4E88-9E5F-E5582B988A45}.Release|Any CPU.Build.0 = Release|Any CPU
		{312CA14E-2CC6-4DA7-942B-3DA6EA3A1B20}.Debug|Any CPU.ActiveCfg = Debug|Any CPU
		{312CA14E-2CC6-4DA7-942B-3DA6EA3A1B20}.Debug|Any CPU.Build.0 = Debug|Any CPU
		{312CA14E-2CC6-4DA7-942B-3DA6EA3A1B20}.Release|Any CPU.ActiveCfg = Release|Any CPU
		{312CA14E-2CC6-4DA7-942B-3DA6EA3A1B20}.Release|Any CPU.Build.0 = Release|Any CPU
		{87CA0B74-796C-4B9D-AD0E-CC723CFC7AD0}.Debug|Any CPU.ActiveCfg = Debug|Any CPU
		{87CA0B74-796C-4B9D-AD0E-CC723CFC7AD0}.Debug|Any CPU.Build.0 = Debug|Any CPU
		{87CA0B74-796C-4B9D-AD0E-CC723CFC7AD0}.Release|Any CPU.ActiveCfg = Release|Any CPU
		{87CA0B74-796C-4B9D-AD0E-CC723CFC7AD0}.Release|Any CPU.Build.0 = Release|Any CPU
		{F55E762C-03FF-473C-BE7D-63AC57F15F9E}.Debug|Any CPU.ActiveCfg = Debug|Any CPU
		{F55E762C-03FF-473C-BE7D-63AC57F15F9E}.Debug|Any CPU.Build.0 = Debug|Any CPU
		{F55E762C-03FF-473C-BE7D-63AC57F15F9E}.Release|Any CPU.ActiveCfg = Release|Any CPU
		{F55E762C-03FF-473C-BE7D-63AC57F15F9E}.Release|Any CPU.Build.0 = Release|Any CPU
		{76E504DA-BA85-4F32-B83B-5C1E682C5FA5}.Debug|Any CPU.ActiveCfg = Debug|Any CPU
		{76E504DA-BA85-4F32-B83B-5C1E682C5FA5}.Debug|Any CPU.Build.0 = Debug|Any CPU
		{76E504DA-BA85-4F32-B83B-5C1E682C5FA5}.Release|Any CPU.ActiveCfg = Release|Any CPU
		{76E504DA-BA85-4F32-B83B-5C1E682C5FA5}.Release|Any CPU.Build.0 = Release|Any CPU
		{0253C970-75D2-496C-9BF2-C2ACDFDCF659}.Debug|Any CPU.ActiveCfg = Debug|Any CPU
		{0253C970-75D2-496C-9BF2-C2ACDFDCF659}.Debug|Any CPU.Build.0 = Debug|Any CPU
		{0253C970-75D2-496C-9BF2-C2ACDFDCF659}.Release|Any CPU.ActiveCfg = Release|Any CPU
		{0253C970-75D2-496C-9BF2-C2ACDFDCF659}.Release|Any CPU.Build.0 = Release|Any CPU
		{10A85AA6-2C52-49F5-A806-311F3CA6E967}.Debug|Any CPU.ActiveCfg = Debug|Any CPU
		{10A85AA6-2C52-49F5-A806-311F3CA6E967}.Debug|Any CPU.Build.0 = Debug|Any CPU
		{10A85AA6-2C52-49F5-A806-311F3CA6E967}.Release|Any CPU.ActiveCfg = Release|Any CPU
		{10A85AA6-2C52-49F5-A806-311F3CA6E967}.Release|Any CPU.Build.0 = Release|Any CPU
		{895B7B13-B2CD-484A-8EAC-B3DC3F06962C}.Debug|Any CPU.ActiveCfg = Debug|Any CPU
		{895B7B13-B2CD-484A-8EAC-B3DC3F06962C}.Debug|Any CPU.Build.0 = Debug|Any CPU
		{895B7B13-B2CD-484A-8EAC-B3DC3F06962C}.Release|Any CPU.ActiveCfg = Release|Any CPU
		{895B7B13-B2CD-484A-8EAC-B3DC3F06962C}.Release|Any CPU.Build.0 = Release|Any CPU
		{85EF078D-CB47-4FE5-92D4-72986975A141}.Debug|Any CPU.ActiveCfg = Debug|Any CPU
		{85EF078D-CB47-4FE5-92D4-72986975A141}.Debug|Any CPU.Build.0 = Debug|Any CPU
		{85EF078D-CB47-4FE5-92D4-72986975A141}.Release|Any CPU.ActiveCfg = Release|Any CPU
		{85EF078D-CB47-4FE5-92D4-72986975A141}.Release|Any CPU.Build.0 = Release|Any CPU
	EndGlobalSection
	GlobalSection(SolutionProperties) = preSolution
		HideSolutionNode = FALSE
	EndGlobalSection
	GlobalSection(NestedProjects) = preSolution
		{23D10D18-B01D-4E88-9E5F-E5582B988A45} = {EE91F4BF-EA56-4EE1-B1F8-9E30A2F351CC}
		{312CA14E-2CC6-4DA7-942B-3DA6EA3A1B20} = {64058385-CB6E-42F5-AA77-61FBA32065A3}
		{87CA0B74-796C-4B9D-AD0E-CC723CFC7AD0} = {9545F1CA-68E9-4E2A-9ECE-C5C978033AB0}
		{F55E762C-03FF-473C-BE7D-63AC57F15F9E} = {0AF51903-1E50-4A92-A8EF-0BED7B920F6D}
		{76E504DA-BA85-4F32-B83B-5C1E682C5FA5} = {9C29D475-74CD-4F7D-9F07-B654507DB63A}
		{0253C970-75D2-496C-9BF2-C2ACDFDCF659} = {01F1A3DA-9A99-4DE9-A9A3-16A137477AAA}
		{10A85AA6-2C52-49F5-A806-311F3CA6E967} = {EE91F4BF-EA56-4EE1-B1F8-9E30A2F351CC}
		{895B7B13-B2CD-484A-8EAC-B3DC3F06962C} = {EE91F4BF-EA56-4EE1-B1F8-9E30A2F351CC}
		{85EF078D-CB47-4FE5-92D4-72986975A141} = {01F1A3DA-9A99-4DE9-A9A3-16A137477AAA}
	EndGlobalSection
	GlobalSection(ExtensibilityGlobals) = postSolution
		SolutionGuid = {3A7B10DE-6629-4739-BAE5-4DC1B8E50E3F}
	EndGlobalSection
EndGlobal
