
Microsoft Visual Studio Solution File, Format Version 12.00
# Visual Studio Version 17
VisualStudioVersion = 17.2.32616.157
MinimumVisualStudioVersion = 10.0.40219.1
Project("{FAE04EC0-301F-11D3-BF4B-00C04F79EFBC}") = "A_ADONET", "ADONET\A_ADONET.csproj", "{84FEDA3D-8175-4886-95F8-2FA6B11DC866}"
EndProject
Project("{FAE04EC0-301F-11D3-BF4B-00C04F79EFBC}") = "B_LinqReference", "LinqReference\B_LinqReference.csproj", "{EB60CD63-0B74-4547-B34B-2CC5F09B11C6}"
EndProject
Project("{FAE04EC0-301F-11D3-BF4B-00C04F79EFBC}") = "C_Factoriel", "Factoriel\C_Factoriel.csproj", "{B2525C21-FBEE-44EF-AF38-ED9F1669E3C0}"
EndProject
Project("{FAE04EC0-301F-11D3-BF4B-00C04F79EFBC}") = "D_TourHanoi", "D_TourHanoi\D_TourHanoi.csproj", "{C4372C05-99D0-41D8-AC87-EB24699F1D18}"
EndProject
Project("{FAE04EC0-301F-11D3-BF4B-00C04F79EFBC}") = "E_Parametres", "E_Parametres\E_Parametres.csproj", "{3235C76B-E4EA-446C-BB90-9A141B2A6132}"
EndProject
Project("{FAE04EC0-301F-11D3-BF4B-00C04F79EFBC}") = "F_Conversion", "F_Conversion\F_Conversion.csproj", "{85F5E3D3-FFCB-4B22-B2CF-A5624095F8B7}"
EndProject
Project("{FAE04EC0-301F-11D3-BF4B-00C04F79EFBC}") = "G_Database", "G_Database\G_Database.csproj", "{C16670A9-8B8A-4630-845D-D4173ABB01E0}"
EndProject
Project("{FAE04EC0-301F-11D3-BF4B-00C04F79EFBC}") = "H_Calculatrice", "H_Calculatrice\H_Calculatrice.csproj", "{0BFF9586-9702-48F7-ABC0-C2406D43F12A}"
EndProject
Project("{FAE04EC0-301F-11D3-BF4B-00C04F79EFBC}") = "I_LinqToEntities", "I_LinqToEntities\I_LinqToEntities.csproj", "{3CEF4EA2-2AE1-42CA-BAED-600C43E74A04}"
EndProject
Project("{FAE04EC0-301F-11D3-BF4B-00C04F79EFBC}") = "J_DatasetTypé", "J_DatasetTypé\J_DatasetTypé.csproj", "{753C9366-E9DC-4FD4-A2BF-20056FA27432}"
EndProject
Project("{FAE04EC0-301F-11D3-BF4B-00C04F79EFBC}") = "K_CleDeTableau", "K_CleDeTableau\K_CleDeTableau.csproj", "{A0387615-D7E4-4922-9C9B-0E2B874311B4}"
EndProject
Project("{FAE04EC0-301F-11D3-BF4B-00C04F79EFBC}") = "L_Cirque", "L_Cirque\L_Cirque.csproj", "{923AEF90-610B-49BF-8B6D-2D70A1021A15}"
EndProject
Project("{FAE04EC0-301F-11D3-BF4B-00C04F79EFBC}") = "M_Attribut_XXXXXXXXXXXX", "M_Attribut\M_Attribut_XXXXXXXXXXXX.csproj", "{25A3D017-7B91-4052-B548-BD18FDB3F3A9}"
EndProject
Project("{FAE04EC0-301F-11D3-BF4B-00C04F79EFBC}") = "N_Jessy", "N_Jessy\N_Jessy.csproj", "{1C0CE7C4-1068-4658-B93C-6DBD60283F5E}"
EndProject
Project("{FAE04EC0-301F-11D3-BF4B-00C04F79EFBC}") = "O1_Async_Delegue", "O_Async\O1_Async_Delegue.csproj", "{FEF18B45-B285-497C-93A1-EF033718BB41}"
EndProject
Project("{FAE04EC0-301F-11D3-BF4B-00C04F79EFBC}") = "O3_Async_asyncawait_xxxxxxxxx", "O_Asyn_asyncawait\O3_Async_asyncawait_xxxxxxxxx.csproj", "{30E6FA97-64AF-4D28-9DF1-32210E1C14E9}"
EndProject
Project("{FAE04EC0-301F-11D3-BF4B-00C04F79EFBC}") = "P_WpfConverter", "P_WpfConverter\P_WpfConverter.csproj", "{1605BE40-5E99-445A-B35B-97272A953EF2}"
EndProject
Project("{FAE04EC0-301F-11D3-BF4B-00C04F79EFBC}") = "O2_AsyncAwait", "O2_AsyncAwait\O2_AsyncAwait.csproj", "{09B3C4CB-B47C-4624-9138-813854800EF7}"
EndProject
Project("{FAE04EC0-301F-11D3-BF4B-00C04F79EFBC}") = "Q_Chifoumi", "Q_Chifoumi\Q_Chifoumi.csproj", "{0E5886C9-0F6F-4C81-95F7-8FEB96269E43}"
EndProject
Global
	GlobalSection(SolutionConfigurationPlatforms) = preSolution
		Debug|Any CPU = Debug|Any CPU
		Release|Any CPU = Release|Any CPU
	EndGlobalSection
	GlobalSection(ProjectConfigurationPlatforms) = postSolution
		{84FEDA3D-8175-4886-95F8-2FA6B11DC866}.Debug|Any CPU.ActiveCfg = Debug|Any CPU
		{84FEDA3D-8175-4886-95F8-2FA6B11DC866}.Debug|Any CPU.Build.0 = Debug|Any CPU
		{84FEDA3D-8175-4886-95F8-2FA6B11DC866}.Release|Any CPU.ActiveCfg = Release|Any CPU
		{84FEDA3D-8175-4886-95F8-2FA6B11DC866}.Release|Any CPU.Build.0 = Release|Any CPU
		{EB60CD63-0B74-4547-B34B-2CC5F09B11C6}.Debug|Any CPU.ActiveCfg = Debug|Any CPU
		{EB60CD63-0B74-4547-B34B-2CC5F09B11C6}.Debug|Any CPU.Build.0 = Debug|Any CPU
		{EB60CD63-0B74-4547-B34B-2CC5F09B11C6}.Release|Any CPU.ActiveCfg = Release|Any CPU
		{EB60CD63-0B74-4547-B34B-2CC5F09B11C6}.Release|Any CPU.Build.0 = Release|Any CPU
		{B2525C21-FBEE-44EF-AF38-ED9F1669E3C0}.Debug|Any CPU.ActiveCfg = Debug|Any CPU
		{B2525C21-FBEE-44EF-AF38-ED9F1669E3C0}.Debug|Any CPU.Build.0 = Debug|Any CPU
		{B2525C21-FBEE-44EF-AF38-ED9F1669E3C0}.Release|Any CPU.ActiveCfg = Release|Any CPU
		{B2525C21-FBEE-44EF-AF38-ED9F1669E3C0}.Release|Any CPU.Build.0 = Release|Any CPU
		{C4372C05-99D0-41D8-AC87-EB24699F1D18}.Debug|Any CPU.ActiveCfg = Debug|Any CPU
		{C4372C05-99D0-41D8-AC87-EB24699F1D18}.Debug|Any CPU.Build.0 = Debug|Any CPU
		{C4372C05-99D0-41D8-AC87-EB24699F1D18}.Release|Any CPU.ActiveCfg = Release|Any CPU
		{C4372C05-99D0-41D8-AC87-EB24699F1D18}.Release|Any CPU.Build.0 = Release|Any CPU
		{3235C76B-E4EA-446C-BB90-9A141B2A6132}.Debug|Any CPU.ActiveCfg = Debug|Any CPU
		{3235C76B-E4EA-446C-BB90-9A141B2A6132}.Debug|Any CPU.Build.0 = Debug|Any CPU
		{3235C76B-E4EA-446C-BB90-9A141B2A6132}.Release|Any CPU.ActiveCfg = Release|Any CPU
		{3235C76B-E4EA-446C-BB90-9A141B2A6132}.Release|Any CPU.Build.0 = Release|Any CPU
		{85F5E3D3-FFCB-4B22-B2CF-A5624095F8B7}.Debug|Any CPU.ActiveCfg = Debug|Any CPU
		{85F5E3D3-FFCB-4B22-B2CF-A5624095F8B7}.Debug|Any CPU.Build.0 = Debug|Any CPU
		{85F5E3D3-FFCB-4B22-B2CF-A5624095F8B7}.Release|Any CPU.ActiveCfg = Release|Any CPU
		{85F5E3D3-FFCB-4B22-B2CF-A5624095F8B7}.Release|Any CPU.Build.0 = Release|Any CPU
		{C16670A9-8B8A-4630-845D-D4173ABB01E0}.Debug|Any CPU.ActiveCfg = Debug|Any CPU
		{C16670A9-8B8A-4630-845D-D4173ABB01E0}.Debug|Any CPU.Build.0 = Debug|Any CPU
		{C16670A9-8B8A-4630-845D-D4173ABB01E0}.Release|Any CPU.ActiveCfg = Release|Any CPU
		{C16670A9-8B8A-4630-845D-D4173ABB01E0}.Release|Any CPU.Build.0 = Release|Any CPU
		{0BFF9586-9702-48F7-ABC0-C2406D43F12A}.Debug|Any CPU.ActiveCfg = Debug|Any CPU
		{0BFF9586-9702-48F7-ABC0-C2406D43F12A}.Debug|Any CPU.Build.0 = Debug|Any CPU
		{0BFF9586-9702-48F7-ABC0-C2406D43F12A}.Release|Any CPU.ActiveCfg = Release|Any CPU
		{0BFF9586-9702-48F7-ABC0-C2406D43F12A}.Release|Any CPU.Build.0 = Release|Any CPU
		{3CEF4EA2-2AE1-42CA-BAED-600C43E74A04}.Debug|Any CPU.ActiveCfg = Debug|Any CPU
		{3CEF4EA2-2AE1-42CA-BAED-600C43E74A04}.Debug|Any CPU.Build.0 = Debug|Any CPU
		{3CEF4EA2-2AE1-42CA-BAED-600C43E74A04}.Release|Any CPU.ActiveCfg = Release|Any CPU
		{3CEF4EA2-2AE1-42CA-BAED-600C43E74A04}.Release|Any CPU.Build.0 = Release|Any CPU
		{753C9366-E9DC-4FD4-A2BF-20056FA27432}.Debug|Any CPU.ActiveCfg = Debug|Any CPU
		{753C9366-E9DC-4FD4-A2BF-20056FA27432}.Debug|Any CPU.Build.0 = Debug|Any CPU
		{753C9366-E9DC-4FD4-A2BF-20056FA27432}.Release|Any CPU.ActiveCfg = Release|Any CPU
		{753C9366-E9DC-4FD4-A2BF-20056FA27432}.Release|Any CPU.Build.0 = Release|Any CPU
		{A0387615-D7E4-4922-9C9B-0E2B874311B4}.Debug|Any CPU.ActiveCfg = Debug|Any CPU
		{A0387615-D7E4-4922-9C9B-0E2B874311B4}.Debug|Any CPU.Build.0 = Debug|Any CPU
		{A0387615-D7E4-4922-9C9B-0E2B874311B4}.Release|Any CPU.ActiveCfg = Release|Any CPU
		{A0387615-D7E4-4922-9C9B-0E2B874311B4}.Release|Any CPU.Build.0 = Release|Any CPU
		{923AEF90-610B-49BF-8B6D-2D70A1021A15}.Debug|Any CPU.ActiveCfg = Debug|Any CPU
		{923AEF90-610B-49BF-8B6D-2D70A1021A15}.Debug|Any CPU.Build.0 = Debug|Any CPU
		{923AEF90-610B-49BF-8B6D-2D70A1021A15}.Release|Any CPU.ActiveCfg = Release|Any CPU
		{923AEF90-610B-49BF-8B6D-2D70A1021A15}.Release|Any CPU.Build.0 = Release|Any CPU
		{25A3D017-7B91-4052-B548-BD18FDB3F3A9}.Debug|Any CPU.ActiveCfg = Debug|Any CPU
		{25A3D017-7B91-4052-B548-BD18FDB3F3A9}.Debug|Any CPU.Build.0 = Debug|Any CPU
		{25A3D017-7B91-4052-B548-BD18FDB3F3A9}.Release|Any CPU.ActiveCfg = Release|Any CPU
		{25A3D017-7B91-4052-B548-BD18FDB3F3A9}.Release|Any CPU.Build.0 = Release|Any CPU
		{1C0CE7C4-1068-4658-B93C-6DBD60283F5E}.Debug|Any CPU.ActiveCfg = Debug|Any CPU
		{1C0CE7C4-1068-4658-B93C-6DBD60283F5E}.Debug|Any CPU.Build.0 = Debug|Any CPU
		{1C0CE7C4-1068-4658-B93C-6DBD60283F5E}.Release|Any CPU.ActiveCfg = Release|Any CPU
		{1C0CE7C4-1068-4658-B93C-6DBD60283F5E}.Release|Any CPU.Build.0 = Release|Any CPU
		{FEF18B45-B285-497C-93A1-EF033718BB41}.Debug|Any CPU.ActiveCfg = Debug|Any CPU
		{FEF18B45-B285-497C-93A1-EF033718BB41}.Debug|Any CPU.Build.0 = Debug|Any CPU
		{FEF18B45-B285-497C-93A1-EF033718BB41}.Release|Any CPU.ActiveCfg = Release|Any CPU
		{FEF18B45-B285-497C-93A1-EF033718BB41}.Release|Any CPU.Build.0 = Release|Any CPU
		{30E6FA97-64AF-4D28-9DF1-32210E1C14E9}.Debug|Any CPU.ActiveCfg = Debug|Any CPU
		{30E6FA97-64AF-4D28-9DF1-32210E1C14E9}.Debug|Any CPU.Build.0 = Debug|Any CPU
		{30E6FA97-64AF-4D28-9DF1-32210E1C14E9}.Release|Any CPU.ActiveCfg = Release|Any CPU
		{30E6FA97-64AF-4D28-9DF1-32210E1C14E9}.Release|Any CPU.Build.0 = Release|Any CPU
		{1605BE40-5E99-445A-B35B-97272A953EF2}.Debug|Any CPU.ActiveCfg = Debug|Any CPU
		{1605BE40-5E99-445A-B35B-97272A953EF2}.Debug|Any CPU.Build.0 = Debug|Any CPU
		{1605BE40-5E99-445A-B35B-97272A953EF2}.Release|Any CPU.ActiveCfg = Release|Any CPU
		{1605BE40-5E99-445A-B35B-97272A953EF2}.Release|Any CPU.Build.0 = Release|Any CPU
		{09B3C4CB-B47C-4624-9138-813854800EF7}.Debug|Any CPU.ActiveCfg = Debug|Any CPU
		{09B3C4CB-B47C-4624-9138-813854800EF7}.Debug|Any CPU.Build.0 = Debug|Any CPU
		{09B3C4CB-B47C-4624-9138-813854800EF7}.Release|Any CPU.ActiveCfg = Release|Any CPU
		{09B3C4CB-B47C-4624-9138-813854800EF7}.Release|Any CPU.Build.0 = Release|Any CPU
		{0E5886C9-0F6F-4C81-95F7-8FEB96269E43}.Debug|Any CPU.ActiveCfg = Debug|Any CPU
		{0E5886C9-0F6F-4C81-95F7-8FEB96269E43}.Debug|Any CPU.Build.0 = Debug|Any CPU
		{0E5886C9-0F6F-4C81-95F7-8FEB96269E43}.Release|Any CPU.ActiveCfg = Release|Any CPU
		{0E5886C9-0F6F-4C81-95F7-8FEB96269E43}.Release|Any CPU.Build.0 = Release|Any CPU
	EndGlobalSection
	GlobalSection(SolutionProperties) = preSolution
		HideSolutionNode = FALSE
	EndGlobalSection
	GlobalSection(ExtensibilityGlobals) = postSolution
		SolutionGuid = {2F3CACE0-6307-4967-AA0F-4771D0719B6E}
	EndGlobalSection
EndGlobal
