
Microsoft Visual Studio Solution File, Format Version 12.00
# Visual Studio Version 17
VisualStudioVersion = 17.2.32616.157
MinimumVisualStudioVersion = 10.0.40219.1
Project("{FAE04EC0-301F-11D3-BF4B-00C04F79EFBC}") = "UML1_Intro", "UML1_Intro\UML1_Intro.csproj", "{17C2BD9A-D15E-49D3-8C3D-DA98173D0E34}"
EndProject
Project("{FAE04EC0-301F-11D3-BF4B-00C04F79EFBC}") = "UML2_Heritage", "UML2_Heritage\UML2_Heritage.csproj", "{4094B1D1-3808-4593-BF5F-60B1B25E3657}"
EndProject
Project("{FAE04EC0-301F-11D3-BF4B-00C04F79EFBC}") = "UML3_Agregations", "UML3_Agregations\UML3_Agregations.csproj", "{9D1D1350-3798-4E9B-A88B-74C6D7487422}"
EndProject
Project("{FAE04EC0-301F-11D3-BF4B-00C04F79EFBC}") = "UML4_Modelisation", "UML4_Modelisation\UML4_Modelisation.csproj", "{400AFC2D-4FEC-4076-B3B3-7D2EE4209DF4}"
EndProject
Project("{FAE04EC0-301F-11D3-BF4B-00C04F79EFBC}") = "UML5_LaFabrique", "UML5_LaFabrique\UML5_LaFabrique.csproj", "{3EB39C6D-1A8E-4C56-865C-E0B64F6606BB}"
EndProject
Project("{FAE04EC0-301F-11D3-BF4B-00C04F79EFBC}") = "UML6_Polymorphisme", "UML6_Polymorphisme\UML6_Polymorphisme.csproj", "{88E7CEE6-C053-438B-ACD5-5495F584E8FC}"
EndProject
Project("{FAE04EC0-301F-11D3-BF4B-00C04F79EFBC}") = "UML8_Interface", "UML7_Interface\UML8_Interface.csproj", "{36D87E12-9E4A-4E26-880F-95725D149BBD}"
EndProject
Project("{FAE04EC0-301F-11D3-BF4B-00C04F79EFBC}") = "UML7_Abstraction", "UML8_Abstraction\UML7_Abstraction.csproj", "{EC8FB992-D5FF-47DC-AE50-FB9B07B5D5B8}"
EndProject
Project("{FAE04EC0-301F-11D3-BF4B-00C04F79EFBC}") = "UML9_1_Acces", "UML9_Acces\UML9_1_Acces.csproj", "{B5ADFF21-ABB1-4E3D-9C76-662BA89700D0}"
EndProject
Project("{FAE04EC0-301F-11D3-BF4B-00C04F79EFBC}") = "UML9-2_Acces", "UML9-2_Acces\UML9-2_Acces.csproj", "{097C814C-5970-4B56-9350-3F697E1F075C}"
EndProject
Project("{FAE04EC0-301F-11D3-BF4B-00C04F79EFBC}") = "UMLTD1", "UMLTD1\UMLTD1.csproj", "{D3F43A5F-F439-4C15-970B-32BA97E606B8}"
EndProject
Project("{FAE04EC0-301F-11D3-BF4B-00C04F79EFBC}") = "UMLTD2", "UML_TD2\UMLTD2.csproj", "{D0A2C4A1-594B-4A14-BEEC-B46657B06DAA}"
EndProject
Global
	GlobalSection(SolutionConfigurationPlatforms) = preSolution
		Debug|Any CPU = Debug|Any CPU
		Release|Any CPU = Release|Any CPU
	EndGlobalSection
	GlobalSection(ProjectConfigurationPlatforms) = postSolution
		{17C2BD9A-D15E-49D3-8C3D-DA98173D0E34}.Debug|Any CPU.ActiveCfg = Debug|Any CPU
		{17C2BD9A-D15E-49D3-8C3D-DA98173D0E34}.Debug|Any CPU.Build.0 = Debug|Any CPU
		{17C2BD9A-D15E-49D3-8C3D-DA98173D0E34}.Release|Any CPU.ActiveCfg = Release|Any CPU
		{17C2BD9A-D15E-49D3-8C3D-DA98173D0E34}.Release|Any CPU.Build.0 = Release|Any CPU
		{4094B1D1-3808-4593-BF5F-60B1B25E3657}.Debug|Any CPU.ActiveCfg = Debug|Any CPU
		{4094B1D1-3808-4593-BF5F-60B1B25E3657}.Debug|Any CPU.Build.0 = Debug|Any CPU
		{4094B1D1-3808-4593-BF5F-60B1B25E3657}.Release|Any CPU.ActiveCfg = Release|Any CPU
		{4094B1D1-3808-4593-BF5F-60B1B25E3657}.Release|Any CPU.Build.0 = Release|Any CPU
		{9D1D1350-3798-4E9B-A88B-74C6D7487422}.Debug|Any CPU.ActiveCfg = Debug|Any CPU
		{9D1D1350-3798-4E9B-A88B-74C6D7487422}.Debug|Any CPU.Build.0 = Debug|Any CPU
		{9D1D1350-3798-4E9B-A88B-74C6D7487422}.Release|Any CPU.ActiveCfg = Release|Any CPU
		{9D1D1350-3798-4E9B-A88B-74C6D7487422}.Release|Any CPU.Build.0 = Release|Any CPU
		{400AFC2D-4FEC-4076-B3B3-7D2EE4209DF4}.Debug|Any CPU.ActiveCfg = Debug|Any CPU
		{400AFC2D-4FEC-4076-B3B3-7D2EE4209DF4}.Debug|Any CPU.Build.0 = Debug|Any CPU
		{400AFC2D-4FEC-4076-B3B3-7D2EE4209DF4}.Release|Any CPU.ActiveCfg = Release|Any CPU
		{400AFC2D-4FEC-4076-B3B3-7D2EE4209DF4}.Release|Any CPU.Build.0 = Release|Any CPU
		{3EB39C6D-1A8E-4C56-865C-E0B64F6606BB}.Debug|Any CPU.ActiveCfg = Debug|Any CPU
		{3EB39C6D-1A8E-4C56-865C-E0B64F6606BB}.Debug|Any CPU.Build.0 = Debug|Any CPU
		{3EB39C6D-1A8E-4C56-865C-E0B64F6606BB}.Release|Any CPU.ActiveCfg = Release|Any CPU
		{3EB39C6D-1A8E-4C56-865C-E0B64F6606BB}.Release|Any CPU.Build.0 = Release|Any CPU
		{88E7CEE6-C053-438B-ACD5-5495F584E8FC}.Debug|Any CPU.ActiveCfg = Debug|Any CPU
		{88E7CEE6-C053-438B-ACD5-5495F584E8FC}.Debug|Any CPU.Build.0 = Debug|Any CPU
		{88E7CEE6-C053-438B-ACD5-5495F584E8FC}.Release|Any CPU.ActiveCfg = Release|Any CPU
		{88E7CEE6-C053-438B-ACD5-5495F584E8FC}.Release|Any CPU.Build.0 = Release|Any CPU
		{36D87E12-9E4A-4E26-880F-95725D149BBD}.Debug|Any CPU.ActiveCfg = Debug|Any CPU
		{36D87E12-9E4A-4E26-880F-95725D149BBD}.Debug|Any CPU.Build.0 = Debug|Any CPU
		{36D87E12-9E4A-4E26-880F-95725D149BBD}.Release|Any CPU.ActiveCfg = Release|Any CPU
		{36D87E12-9E4A-4E26-880F-95725D149BBD}.Release|Any CPU.Build.0 = Release|Any CPU
		{EC8FB992-D5FF-47DC-AE50-FB9B07B5D5B8}.Debug|Any CPU.ActiveCfg = Debug|Any CPU
		{EC8FB992-D5FF-47DC-AE50-FB9B07B5D5B8}.Debug|Any CPU.Build.0 = Debug|Any CPU
		{EC8FB992-D5FF-47DC-AE50-FB9B07B5D5B8}.Release|Any CPU.ActiveCfg = Release|Any CPU
		{EC8FB992-D5FF-47DC-AE50-FB9B07B5D5B8}.Release|Any CPU.Build.0 = Release|Any CPU
		{B5ADFF21-ABB1-4E3D-9C76-662BA89700D0}.Debug|Any CPU.ActiveCfg = Debug|Any CPU
		{B5ADFF21-ABB1-4E3D-9C76-662BA89700D0}.Debug|Any CPU.Build.0 = Debug|Any CPU
		{B5ADFF21-ABB1-4E3D-9C76-662BA89700D0}.Release|Any CPU.ActiveCfg = Release|Any CPU
		{B5ADFF21-ABB1-4E3D-9C76-662BA89700D0}.Release|Any CPU.Build.0 = Release|Any CPU
		{097C814C-5970-4B56-9350-3F697E1F075C}.Debug|Any CPU.ActiveCfg = Debug|Any CPU
		{097C814C-5970-4B56-9350-3F697E1F075C}.Debug|Any CPU.Build.0 = Debug|Any CPU
		{097C814C-5970-4B56-9350-3F697E1F075C}.Release|Any CPU.ActiveCfg = Release|Any CPU
		{097C814C-5970-4B56-9350-3F697E1F075C}.Release|Any CPU.Build.0 = Release|Any CPU
		{D3F43A5F-F439-4C15-970B-32BA97E606B8}.Debug|Any CPU.ActiveCfg = Debug|Any CPU
		{D3F43A5F-F439-4C15-970B-32BA97E606B8}.Debug|Any CPU.Build.0 = Debug|Any CPU
		{D3F43A5F-F439-4C15-970B-32BA97E606B8}.Release|Any CPU.ActiveCfg = Release|Any CPU
		{D3F43A5F-F439-4C15-970B-32BA97E606B8}.Release|Any CPU.Build.0 = Release|Any CPU
		{D0A2C4A1-594B-4A14-BEEC-B46657B06DAA}.Debug|Any CPU.ActiveCfg = Debug|Any CPU
		{D0A2C4A1-594B-4A14-BEEC-B46657B06DAA}.Debug|Any CPU.Build.0 = Debug|Any CPU
		{D0A2C4A1-594B-4A14-BEEC-B46657B06DAA}.Release|Any CPU.ActiveCfg = Release|Any CPU
		{D0A2C4A1-594B-4A14-BEEC-B46657B06DAA}.Release|Any CPU.Build.0 = Release|Any CPU
	EndGlobalSection
	GlobalSection(SolutionProperties) = preSolution
		HideSolutionNode = FALSE
	EndGlobalSection
	GlobalSection(ExtensibilityGlobals) = postSolution
		SolutionGuid = {935658A6-F34D-4A68-84B1-914C48EF307B}
	EndGlobalSection
EndGlobal
