
Microsoft Visual Studio Solution File, Format Version 12.00
# Visual Studio Version 16
VisualStudioVersion = 16.0.32126.315
MinimumVisualStudioVersion = 10.0.40219.1
Project("{FAE04EC0-301F-11D3-BF4B-00C04F79EFBC}") = "UML1_Intro", "UML1_Intro\UML1_Intro.csproj", "{17C2BD9A-D15E-49D3-8C3D-DA98173D0E34}"
EndProject
Project("{FAE04EC0-301F-11D3-BF4B-00C04F79EFBC}") = "UML2_Heritage", "UML2_Heritage\UML2_Heritage.csproj", "{4094B1D1-3808-4593-BF5F-60B1B25E3657}"
EndProject
Project("{FAE04EC0-301F-11D3-BF4B-00C04F79EFBC}") = "UML3_Agregations", "UML3_Agregations\UML3_Agregations.csproj", "{9D1D1350-3798-4E9B-A88B-74C6D7487422}"
EndProject
Project("{FAE04EC0-301F-11D3-BF4B-00C04F79EFBC}") = "UML4_Modelisation", "UML4_Modelisation\UML4_Modelisation.csproj", "{400AFC2D-4FEC-4076-B3B3-7D2EE4209DF4}"
EndProject
Global
	GlobalSection(SolutionConfigurationPlatforms) = preSolution
		Debug|Any CPU = Debug|Any CPU
		Release|Any CPU = Release|Any CPU
	EndGlobalSection
	GlobalSection(ProjectConfigurationPlatforms) = postSolution
		{17C2BD9A-D15E-49D3-8C3D-DA98173D0E34}.Debug|Any CPU.ActiveCfg = Debug|Any CPU
		{17C2BD9A-D15E-49D3-8C3D-DA98173D0E34}.Debug|Any CPU.Build.0 = Debug|Any CPU
		{17C2BD9A-D15E-49D3-8C3D-DA98173D0E34}.Release|Any CPU.ActiveCfg = Release|Any CPU
		{17C2BD9A-D15E-49D3-8C3D-DA98173D0E34}.Release|Any CPU.Build.0 = Release|Any CPU
		{4094B1D1-3808-4593-BF5F-60B1B25E3657}.Debug|Any CPU.ActiveCfg = Debug|Any CPU
		{4094B1D1-3808-4593-BF5F-60B1B25E3657}.Debug|Any CPU.Build.0 = Debug|Any CPU
		{4094B1D1-3808-4593-BF5F-60B1B25E3657}.Release|Any CPU.ActiveCfg = Release|Any CPU
		{4094B1D1-3808-4593-BF5F-60B1B25E3657}.Release|Any CPU.Build.0 = Release|Any CPU
		{9D1D1350-3798-4E9B-A88B-74C6D7487422}.Debug|Any CPU.ActiveCfg = Debug|Any CPU
		{9D1D1350-3798-4E9B-A88B-74C6D7487422}.Debug|Any CPU.Build.0 = Debug|Any CPU
		{9D1D1350-3798-4E9B-A88B-74C6D7487422}.Release|Any CPU.ActiveCfg = Release|Any CPU
		{9D1D1350-3798-4E9B-A88B-74C6D7487422}.Release|Any CPU.Build.0 = Release|Any CPU
		{400AFC2D-4FEC-4076-B3B3-7D2EE4209DF4}.Debug|Any CPU.ActiveCfg = Debug|Any CPU
		{400AFC2D-4FEC-4076-B3B3-7D2EE4209DF4}.Debug|Any CPU.Build.0 = Debug|Any CPU
		{400AFC2D-4FEC-4076-B3B3-7D2EE4209DF4}.Release|Any CPU.ActiveCfg = Release|Any CPU
		{400AFC2D-4FEC-4076-B3B3-7D2EE4209DF4}.Release|Any CPU.Build.0 = Release|Any CPU
	EndGlobalSection
	GlobalSection(SolutionProperties) = preSolution
		HideSolutionNode = FALSE
	EndGlobalSection
	GlobalSection(ExtensibilityGlobals) = postSolution
		SolutionGuid = {935658A6-F34D-4A68-84B1-914C48EF307B}
	EndGlobalSection
EndGlobal
