
Microsoft Visual Studio Solution File, Format Version 12.00
# Visual Studio Version 17
VisualStudioVersion = 17.2.32616.157
MinimumVisualStudioVersion = 10.0.40219.1
Project("{9A19103F-16F7-4668-BE54-9A1E7A4F7556}") = "A_Singleton", "A_Singleton\A_Singleton.csproj", "{79B35B84-C23F-4CBC-9DB4-1BE40A87314E}"
EndProject
Project("{2150E333-8FDC-42A3-9474-1A3956D46DE8}") = "1_Create Pattern", "1_Create Pattern", "{D18ED81B-510E-4658-A581-04EF574C0A9A}"
EndProject
Project("{9A19103F-16F7-4668-BE54-9A1E7A4F7556}") = "B_Factory Method", "B_Factory Method\B_Factory Method.csproj", "{F794A18F-DDEB-45C0-9DB1-AF84ABF16ED2}"
EndProject
Project("{9A19103F-16F7-4668-BE54-9A1E7A4F7556}") = "C_AbstractFactory", "C_AbstractFactory\C_AbstractFactory.csproj", "{E419ABA2-4D82-4BFC-BC6C-DF19E9A65EE4}"
EndProject
Project("{9A19103F-16F7-4668-BE54-9A1E7A4F7556}") = "D_Exo1_SugarSyntax", "D_Exo1\D_Exo1_SugarSyntax.csproj", "{08A38E48-B7FB-4A9E-A8BC-C263209DCE2D}"
EndProject
Project("{9A19103F-16F7-4668-BE54-9A1E7A4F7556}") = "E_Builder", "E_Builder\E_Builder.csproj", "{880CB5B0-6AFA-4034-9EA6-12A13D9D391A}"
EndProject
Project("{9A19103F-16F7-4668-BE54-9A1E7A4F7556}") = "F_Prototype", "F_Prototype\F_Prototype.csproj", "{0BC7E3F3-467D-4803-BF71-B7F26C468BC9}"
EndProject
Project("{9A19103F-16F7-4668-BE54-9A1E7A4F7556}") = "G_Exo2_Singleton", "G_Exo2_Singleton\G_Exo2_Singleton.csproj", "{23067632-C09D-45E8-9717-F2288E80D5FD}"
EndProject
Project("{9A19103F-16F7-4668-BE54-9A1E7A4F7556}") = "H_Exo3_AbstractFactory", "H_Exo3_AbstractFactory\H_Exo3_AbstractFactory.csproj", "{BDE5CC0F-547E-4772-BA88-AD7051DD2646}"
EndProject
Project("{2150E333-8FDC-42A3-9474-1A3956D46DE8}") = "2_Structure Pattern", "2_Structure Pattern", "{5232692D-03FF-4C0D-BEDC-6269F03A48E3}"
EndProject
Project("{9A19103F-16F7-4668-BE54-9A1E7A4F7556}") = "I_Adapter", "I_Adapter\I_Adapter.csproj", "{9F5ECCD0-6F3D-4F90-907F-DF16E0732CA3}"
EndProject
Project("{9A19103F-16F7-4668-BE54-9A1E7A4F7556}") = "J_Bridge", "J_Bridge\J_Bridge.csproj", "{F61141CD-9A51-4FC1-9598-96447843B6BD}"
EndProject
Project("{9A19103F-16F7-4668-BE54-9A1E7A4F7556}") = "K_Composite", "K_Composite\K_Composite.csproj", "{CB708A11-18EA-45E7-8002-D954A84B77E9}"
EndProject
Project("{9A19103F-16F7-4668-BE54-9A1E7A4F7556}") = "L_DataDecorator", "L_Decorator\L_DataDecorator.csproj", "{1AAA6C75-A188-4FA1-92D7-2BFAE1FFA2C1}"
EndProject
Project("{9A19103F-16F7-4668-BE54-9A1E7A4F7556}") = "M_BehaviorDecorator", "M_BehaviorDecorator\M_BehaviorDecorator.csproj", "{71DBB93F-A5F6-4D54-A248-A0855CB50372}"
EndProject
Project("{2150E333-8FDC-42A3-9474-1A3956D46DE8}") = "CSharpAvance", "CSharpAvance", "{86B4C1A5-079E-4360-8F67-AEA137DDBA88}"
EndProject
Project("{9A19103F-16F7-4668-BE54-9A1E7A4F7556}") = "N_Exo4_DataDecorator", "N_Exo4_DataDecorator\N_Exo4_DataDecorator.csproj", "{60A27415-B9A7-4D3C-9155-9430A8B80C74}"
EndProject
Project("{9A19103F-16F7-4668-BE54-9A1E7A4F7556}") = "O_Exo5", "O_Exo5\O_Exo5.csproj", "{657147C3-84AB-4BA2-ACAF-BD95DDFDB993}"
EndProject
Project("{FAE04EC0-301F-11D3-BF4B-00C04F79EFBC}") = "P_AsyncAvecDelegue", "P_AsyncAvecDelegue\P_AsyncAvecDelegue.csproj", "{40470E21-6585-491D-9E38-F848AABBEBBF}"
EndProject
Project("{FAE04EC0-301F-11D3-BF4B-00C04F79EFBC}") = "Q_AsyncTask", "Q_AsyncTask\Q_AsyncTask.csproj", "{13E518F9-5ABC-451D-90FF-91653C4C1E7B}"
EndProject
Project("{FAE04EC0-301F-11D3-BF4B-00C04F79EFBC}") = "Q_SyncTask", "Q_SyncTask\Q_SyncTask.csproj", "{EE828E6B-AF19-45BE-B67F-C6778DBF7D5C}"
EndProject
Project("{FAE04EC0-301F-11D3-BF4B-00C04F79EFBC}") = "Q_AsyncTask_", "Q_AsyncTask_\Q_AsyncTask_.csproj", "{81583EFB-481C-47D9-8D01-0D8C58D5DF21}"
EndProject
Global
	GlobalSection(SolutionConfigurationPlatforms) = preSolution
		Debug|Any CPU = Debug|Any CPU
		Release|Any CPU = Release|Any CPU
	EndGlobalSection
	GlobalSection(ProjectConfigurationPlatforms) = postSolution
		{79B35B84-C23F-4CBC-9DB4-1BE40A87314E}.Debug|Any CPU.ActiveCfg = Debug|Any CPU
		{79B35B84-C23F-4CBC-9DB4-1BE40A87314E}.Debug|Any CPU.Build.0 = Debug|Any CPU
		{79B35B84-C23F-4CBC-9DB4-1BE40A87314E}.Release|Any CPU.ActiveCfg = Release|Any CPU
		{79B35B84-C23F-4CBC-9DB4-1BE40A87314E}.Release|Any CPU.Build.0 = Release|Any CPU
		{F794A18F-DDEB-45C0-9DB1-AF84ABF16ED2}.Debug|Any CPU.ActiveCfg = Debug|Any CPU
		{F794A18F-DDEB-45C0-9DB1-AF84ABF16ED2}.Debug|Any CPU.Build.0 = Debug|Any CPU
		{F794A18F-DDEB-45C0-9DB1-AF84ABF16ED2}.Release|Any CPU.ActiveCfg = Release|Any CPU
		{F794A18F-DDEB-45C0-9DB1-AF84ABF16ED2}.Release|Any CPU.Build.0 = Release|Any CPU
		{E419ABA2-4D82-4BFC-BC6C-DF19E9A65EE4}.Debug|Any CPU.ActiveCfg = Debug|Any CPU
		{E419ABA2-4D82-4BFC-BC6C-DF19E9A65EE4}.Debug|Any CPU.Build.0 = Debug|Any CPU
		{E419ABA2-4D82-4BFC-BC6C-DF19E9A65EE4}.Release|Any CPU.ActiveCfg = Release|Any CPU
		{E419ABA2-4D82-4BFC-BC6C-DF19E9A65EE4}.Release|Any CPU.Build.0 = Release|Any CPU
		{08A38E48-B7FB-4A9E-A8BC-C263209DCE2D}.Debug|Any CPU.ActiveCfg = Debug|Any CPU
		{08A38E48-B7FB-4A9E-A8BC-C263209DCE2D}.Debug|Any CPU.Build.0 = Debug|Any CPU
		{08A38E48-B7FB-4A9E-A8BC-C263209DCE2D}.Release|Any CPU.ActiveCfg = Release|Any CPU
		{08A38E48-B7FB-4A9E-A8BC-C263209DCE2D}.Release|Any CPU.Build.0 = Release|Any CPU
		{880CB5B0-6AFA-4034-9EA6-12A13D9D391A}.Debug|Any CPU.ActiveCfg = Debug|Any CPU
		{880CB5B0-6AFA-4034-9EA6-12A13D9D391A}.Debug|Any CPU.Build.0 = Debug|Any CPU
		{880CB5B0-6AFA-4034-9EA6-12A13D9D391A}.Release|Any CPU.ActiveCfg = Release|Any CPU
		{880CB5B0-6AFA-4034-9EA6-12A13D9D391A}.Release|Any CPU.Build.0 = Release|Any CPU
		{0BC7E3F3-467D-4803-BF71-B7F26C468BC9}.Debug|Any CPU.ActiveCfg = Debug|Any CPU
		{0BC7E3F3-467D-4803-BF71-B7F26C468BC9}.Debug|Any CPU.Build.0 = Debug|Any CPU
		{0BC7E3F3-467D-4803-BF71-B7F26C468BC9}.Release|Any CPU.ActiveCfg = Release|Any CPU
		{0BC7E3F3-467D-4803-BF71-B7F26C468BC9}.Release|Any CPU.Build.0 = Release|Any CPU
		{23067632-C09D-45E8-9717-F2288E80D5FD}.Debug|Any CPU.ActiveCfg = Debug|Any CPU
		{23067632-C09D-45E8-9717-F2288E80D5FD}.Debug|Any CPU.Build.0 = Debug|Any CPU
		{23067632-C09D-45E8-9717-F2288E80D5FD}.Release|Any CPU.ActiveCfg = Release|Any CPU
		{23067632-C09D-45E8-9717-F2288E80D5FD}.Release|Any CPU.Build.0 = Release|Any CPU
		{BDE5CC0F-547E-4772-BA88-AD7051DD2646}.Debug|Any CPU.ActiveCfg = Debug|Any CPU
		{BDE5CC0F-547E-4772-BA88-AD7051DD2646}.Debug|Any CPU.Build.0 = Debug|Any CPU
		{BDE5CC0F-547E-4772-BA88-AD7051DD2646}.Release|Any CPU.ActiveCfg = Release|Any CPU
		{BDE5CC0F-547E-4772-BA88-AD7051DD2646}.Release|Any CPU.Build.0 = Release|Any CPU
		{9F5ECCD0-6F3D-4F90-907F-DF16E0732CA3}.Debug|Any CPU.ActiveCfg = Debug|Any CPU
		{9F5ECCD0-6F3D-4F90-907F-DF16E0732CA3}.Debug|Any CPU.Build.0 = Debug|Any CPU
		{9F5ECCD0-6F3D-4F90-907F-DF16E0732CA3}.Release|Any CPU.ActiveCfg = Release|Any CPU
		{9F5ECCD0-6F3D-4F90-907F-DF16E0732CA3}.Release|Any CPU.Build.0 = Release|Any CPU
		{F61141CD-9A51-4FC1-9598-96447843B6BD}.Debug|Any CPU.ActiveCfg = Debug|Any CPU
		{F61141CD-9A51-4FC1-9598-96447843B6BD}.Debug|Any CPU.Build.0 = Debug|Any CPU
		{F61141CD-9A51-4FC1-9598-96447843B6BD}.Release|Any CPU.ActiveCfg = Release|Any CPU
		{F61141CD-9A51-4FC1-9598-96447843B6BD}.Release|Any CPU.Build.0 = Release|Any CPU
		{CB708A11-18EA-45E7-8002-D954A84B77E9}.Debug|Any CPU.ActiveCfg = Debug|Any CPU
		{CB708A11-18EA-45E7-8002-D954A84B77E9}.Debug|Any CPU.Build.0 = Debug|Any CPU
		{CB708A11-18EA-45E7-8002-D954A84B77E9}.Release|Any CPU.ActiveCfg = Release|Any CPU
		{CB708A11-18EA-45E7-8002-D954A84B77E9}.Release|Any CPU.Build.0 = Release|Any CPU
		{1AAA6C75-A188-4FA1-92D7-2BFAE1FFA2C1}.Debug|Any CPU.ActiveCfg = Debug|Any CPU
		{1AAA6C75-A188-4FA1-92D7-2BFAE1FFA2C1}.Debug|Any CPU.Build.0 = Debug|Any CPU
		{1AAA6C75-A188-4FA1-92D7-2BFAE1FFA2C1}.Release|Any CPU.ActiveCfg = Release|Any CPU
		{1AAA6C75-A188-4FA1-92D7-2BFAE1FFA2C1}.Release|Any CPU.Build.0 = Release|Any CPU
		{71DBB93F-A5F6-4D54-A248-A0855CB50372}.Debug|Any CPU.ActiveCfg = Debug|Any CPU
		{71DBB93F-A5F6-4D54-A248-A0855CB50372}.Debug|Any CPU.Build.0 = Debug|Any CPU
		{71DBB93F-A5F6-4D54-A248-A0855CB50372}.Release|Any CPU.ActiveCfg = Release|Any CPU
		{71DBB93F-A5F6-4D54-A248-A0855CB50372}.Release|Any CPU.Build.0 = Release|Any CPU
		{60A27415-B9A7-4D3C-9155-9430A8B80C74}.Debug|Any CPU.ActiveCfg = Debug|Any CPU
		{60A27415-B9A7-4D3C-9155-9430A8B80C74}.Debug|Any CPU.Build.0 = Debug|Any CPU
		{60A27415-B9A7-4D3C-9155-9430A8B80C74}.Release|Any CPU.ActiveCfg = Release|Any CPU
		{60A27415-B9A7-4D3C-9155-9430A8B80C74}.Release|Any CPU.Build.0 = Release|Any CPU
		{657147C3-84AB-4BA2-ACAF-BD95DDFDB993}.Debug|Any CPU.ActiveCfg = Debug|Any CPU
		{657147C3-84AB-4BA2-ACAF-BD95DDFDB993}.Debug|Any CPU.Build.0 = Debug|Any CPU
		{657147C3-84AB-4BA2-ACAF-BD95DDFDB993}.Release|Any CPU.ActiveCfg = Release|Any CPU
		{657147C3-84AB-4BA2-ACAF-BD95DDFDB993}.Release|Any CPU.Build.0 = Release|Any CPU
		{40470E21-6585-491D-9E38-F848AABBEBBF}.Debug|Any CPU.ActiveCfg = Debug|Any CPU
		{40470E21-6585-491D-9E38-F848AABBEBBF}.Debug|Any CPU.Build.0 = Debug|Any CPU
		{40470E21-6585-491D-9E38-F848AABBEBBF}.Release|Any CPU.ActiveCfg = Release|Any CPU
		{40470E21-6585-491D-9E38-F848AABBEBBF}.Release|Any CPU.Build.0 = Release|Any CPU
		{13E518F9-5ABC-451D-90FF-91653C4C1E7B}.Debug|Any CPU.ActiveCfg = Debug|Any CPU
		{13E518F9-5ABC-451D-90FF-91653C4C1E7B}.Debug|Any CPU.Build.0 = Debug|Any CPU
		{13E518F9-5ABC-451D-90FF-91653C4C1E7B}.Release|Any CPU.ActiveCfg = Release|Any CPU
		{13E518F9-5ABC-451D-90FF-91653C4C1E7B}.Release|Any CPU.Build.0 = Release|Any CPU
		{EE828E6B-AF19-45BE-B67F-C6778DBF7D5C}.Debug|Any CPU.ActiveCfg = Debug|Any CPU
		{EE828E6B-AF19-45BE-B67F-C6778DBF7D5C}.Debug|Any CPU.Build.0 = Debug|Any CPU
		{EE828E6B-AF19-45BE-B67F-C6778DBF7D5C}.Release|Any CPU.ActiveCfg = Release|Any CPU
		{EE828E6B-AF19-45BE-B67F-C6778DBF7D5C}.Release|Any CPU.Build.0 = Release|Any CPU
		{81583EFB-481C-47D9-8D01-0D8C58D5DF21}.Debug|Any CPU.ActiveCfg = Debug|Any CPU
		{81583EFB-481C-47D9-8D01-0D8C58D5DF21}.Debug|Any CPU.Build.0 = Debug|Any CPU
		{81583EFB-481C-47D9-8D01-0D8C58D5DF21}.Release|Any CPU.ActiveCfg = Release|Any CPU
		{81583EFB-481C-47D9-8D01-0D8C58D5DF21}.Release|Any CPU.Build.0 = Release|Any CPU
	EndGlobalSection
	GlobalSection(SolutionProperties) = preSolution
		HideSolutionNode = FALSE
	EndGlobalSection
	GlobalSection(NestedProjects) = preSolution
		{79B35B84-C23F-4CBC-9DB4-1BE40A87314E} = {D18ED81B-510E-4658-A581-04EF574C0A9A}
		{F794A18F-DDEB-45C0-9DB1-AF84ABF16ED2} = {D18ED81B-510E-4658-A581-04EF574C0A9A}
		{E419ABA2-4D82-4BFC-BC6C-DF19E9A65EE4} = {D18ED81B-510E-4658-A581-04EF574C0A9A}
		{08A38E48-B7FB-4A9E-A8BC-C263209DCE2D} = {D18ED81B-510E-4658-A581-04EF574C0A9A}
		{880CB5B0-6AFA-4034-9EA6-12A13D9D391A} = {D18ED81B-510E-4658-A581-04EF574C0A9A}
		{0BC7E3F3-467D-4803-BF71-B7F26C468BC9} = {D18ED81B-510E-4658-A581-04EF574C0A9A}
		{23067632-C09D-45E8-9717-F2288E80D5FD} = {D18ED81B-510E-4658-A581-04EF574C0A9A}
		{BDE5CC0F-547E-4772-BA88-AD7051DD2646} = {D18ED81B-510E-4658-A581-04EF574C0A9A}
		{9F5ECCD0-6F3D-4F90-907F-DF16E0732CA3} = {5232692D-03FF-4C0D-BEDC-6269F03A48E3}
		{F61141CD-9A51-4FC1-9598-96447843B6BD} = {5232692D-03FF-4C0D-BEDC-6269F03A48E3}
		{CB708A11-18EA-45E7-8002-D954A84B77E9} = {5232692D-03FF-4C0D-BEDC-6269F03A48E3}
		{1AAA6C75-A188-4FA1-92D7-2BFAE1FFA2C1} = {5232692D-03FF-4C0D-BEDC-6269F03A48E3}
		{71DBB93F-A5F6-4D54-A248-A0855CB50372} = {5232692D-03FF-4C0D-BEDC-6269F03A48E3}
		{60A27415-B9A7-4D3C-9155-9430A8B80C74} = {5232692D-03FF-4C0D-BEDC-6269F03A48E3}
		{657147C3-84AB-4BA2-ACAF-BD95DDFDB993} = {5232692D-03FF-4C0D-BEDC-6269F03A48E3}
		{40470E21-6585-491D-9E38-F848AABBEBBF} = {86B4C1A5-079E-4360-8F67-AEA137DDBA88}
		{13E518F9-5ABC-451D-90FF-91653C4C1E7B} = {86B4C1A5-079E-4360-8F67-AEA137DDBA88}
		{EE828E6B-AF19-45BE-B67F-C6778DBF7D5C} = {86B4C1A5-079E-4360-8F67-AEA137DDBA88}
		{81583EFB-481C-47D9-8D01-0D8C58D5DF21} = {86B4C1A5-079E-4360-8F67-AEA137DDBA88}
	EndGlobalSection
	GlobalSection(ExtensibilityGlobals) = postSolution
		SolutionGuid = {A5B5755A-2119-44B9-A0BD-3022286D1A73}
	EndGlobalSection
EndGlobal
