
Microsoft Visual Studio Solution File, Format Version 12.00
# Visual Studio Version 17
VisualStudioVersion = 17.2.32616.157
MinimumVisualStudioVersion = 10.0.40219.1
Project("{FAE04EC0-301F-11D3-BF4B-00C04F79EFBC}") = "A_Singleton", "A_Singleton\A_Singleton.csproj", "{79B35B84-C23F-4CBC-9DB4-1BE40A87314E}"
EndProject
Project("{2150E333-8FDC-42A3-9474-1A3956D46DE8}") = "1_Create Pattern", "1_Create Pattern", "{D18ED81B-510E-4658-A581-04EF574C0A9A}"
EndProject
Project("{FAE04EC0-301F-11D3-BF4B-00C04F79EFBC}") = "B_Factory Method", "B_Factory Method\B_Factory Method.csproj", "{F794A18F-DDEB-45C0-9DB1-AF84ABF16ED2}"
EndProject
Project("{FAE04EC0-301F-11D3-BF4B-00C04F79EFBC}") = "C_AbstractFactory", "C_AbstractFactory\C_AbstractFactory.csproj", "{E419ABA2-4D82-4BFC-BC6C-DF19E9A65EE4}"
EndProject
Global
	GlobalSection(SolutionConfigurationPlatforms) = preSolution
		Debug|Any CPU = Debug|Any CPU
		Release|Any CPU = Release|Any CPU
	EndGlobalSection
	GlobalSection(ProjectConfigurationPlatforms) = postSolution
		{79B35B84-C23F-4CBC-9DB4-1BE40A87314E}.Debug|Any CPU.ActiveCfg = Debug|Any CPU
		{79B35B84-C23F-4CBC-9DB4-1BE40A87314E}.Debug|Any CPU.Build.0 = Debug|Any CPU
		{79B35B84-C23F-4CBC-9DB4-1BE40A87314E}.Release|Any CPU.ActiveCfg = Release|Any CPU
		{79B35B84-C23F-4CBC-9DB4-1BE40A87314E}.Release|Any CPU.Build.0 = Release|Any CPU
		{F794A18F-DDEB-45C0-9DB1-AF84ABF16ED2}.Debug|Any CPU.ActiveCfg = Debug|Any CPU
		{F794A18F-DDEB-45C0-9DB1-AF84ABF16ED2}.Debug|Any CPU.Build.0 = Debug|Any CPU
		{F794A18F-DDEB-45C0-9DB1-AF84ABF16ED2}.Release|Any CPU.ActiveCfg = Release|Any CPU
		{F794A18F-DDEB-45C0-9DB1-AF84ABF16ED2}.Release|Any CPU.Build.0 = Release|Any CPU
		{E419ABA2-4D82-4BFC-BC6C-DF19E9A65EE4}.Debug|Any CPU.ActiveCfg = Debug|Any CPU
		{E419ABA2-4D82-4BFC-BC6C-DF19E9A65EE4}.Debug|Any CPU.Build.0 = Debug|Any CPU
		{E419ABA2-4D82-4BFC-BC6C-DF19E9A65EE4}.Release|Any CPU.ActiveCfg = Release|Any CPU
		{E419ABA2-4D82-4BFC-BC6C-DF19E9A65EE4}.Release|Any CPU.Build.0 = Release|Any CPU
	EndGlobalSection
	GlobalSection(SolutionProperties) = preSolution
		HideSolutionNode = FALSE
	EndGlobalSection
	GlobalSection(NestedProjects) = preSolution
		{79B35B84-C23F-4CBC-9DB4-1BE40A87314E} = {D18ED81B-510E-4658-A581-04EF574C0A9A}
		{F794A18F-DDEB-45C0-9DB1-AF84ABF16ED2} = {D18ED81B-510E-4658-A581-04EF574C0A9A}
		{E419ABA2-4D82-4BFC-BC6C-DF19E9A65EE4} = {D18ED81B-510E-4658-A581-04EF574C0A9A}
	EndGlobalSection
	GlobalSection(ExtensibilityGlobals) = postSolution
		SolutionGuid = {A5B5755A-2119-44B9-A0BD-3022286D1A73}
	EndGlobalSection
EndGlobal
