
Microsoft Visual Studio Solution File, Format Version 12.00
# Visual Studio Version 17
VisualStudioVersion = 17.2.32616.157
MinimumVisualStudioVersion = 10.0.40219.1
Project("{FAE04EC0-301F-11D3-BF4B-00C04F79EFBC}") = "A_ClientWCF", "A_InterfaceWCF\A_ClientWCF.csproj", "{1F340C8A-83EA-4CFF-BAF6-9315C5904E40}"
EndProject
Project("{FAE04EC0-301F-11D3-BF4B-00C04F79EFBC}") = "A_Service1WCF", "A_Service1WCF\A_Service1WCF.csproj", "{0ABB3CC4-1C41-4614-A63B-BD8E190C3A4A}"
EndProject
Project("{FAE04EC0-301F-11D3-BF4B-00C04F79EFBC}") = "A_ContratWCF", "A_ContratWCF\A_ContratWCF.csproj", "{60A04900-1AFC-443E-9020-04CA7F4B7538}"
EndProject
Project("{FAE04EC0-301F-11D3-BF4B-00C04F79EFBC}") = "A_HostWCF", "A_HostWCF\A_HostWCF.csproj", "{19AA2A77-D42C-4AE5-8ADB-5E0AE0FC0C20}"
EndProject
Project("{FAE04EC0-301F-11D3-BF4B-00C04F79EFBC}") = "B_ClientRest", "B_ClientRest\B_ClientRest.csproj", "{BCA1E5A1-0C0B-447D-ADA8-CD30221D1396}"
EndProject
Project("{FAE04EC0-301F-11D3-BF4B-00C04F79EFBC}") = "C_Exo1", "C_Exo1\C_Exo1.csproj", "{E6D88363-D851-42E6-939A-91A0448966E6}"
EndProject
Project("{FAE04EC0-301F-11D3-BF4B-00C04F79EFBC}") = "D_WebApiPost_Client", "D_WebApiPost_Client\D_WebApiPost_Client.csproj", "{2BA82BFA-03A2-4A22-9D6C-CC89BB6E8AD2}"
EndProject
Project("{FAE04EC0-301F-11D3-BF4B-00C04F79EFBC}") = "D_WebApiPost_Serveur", "D_WebApiPost_Serveur\D_WebApiPost_Serveur.csproj", "{9B19CB4E-1D09-4F78-BD46-E3327F2D9262}"
EndProject
Project("{FAE04EC0-301F-11D3-BF4B-00C04F79EFBC}") = "E_ChessClient", "E_ChessClient\E_ChessClient.csproj", "{DCB77545-0596-44B7-A92F-DEAFF404C1E8}"
EndProject
Project("{FAE04EC0-301F-11D3-BF4B-00C04F79EFBC}") = "E_ChessService", "E_ChessService\E_ChessService.csproj", "{E4AC3F55-6ADD-499E-812B-EA6B2A4AB91D}"
EndProject
Project("{FAE04EC0-301F-11D3-BF4B-00C04F79EFBC}") = "F_WebApi_Route", "F_WebApi_Route\F_WebApi_Route.csproj", "{4AF5C659-F790-4575-86F4-2403BFEF6A66}"
EndProject
Global
	GlobalSection(SolutionConfigurationPlatforms) = preSolution
		Debug|Any CPU = Debug|Any CPU
		Release|Any CPU = Release|Any CPU
	EndGlobalSection
	GlobalSection(ProjectConfigurationPlatforms) = postSolution
		{1F340C8A-83EA-4CFF-BAF6-9315C5904E40}.Debug|Any CPU.ActiveCfg = Debug|Any CPU
		{1F340C8A-83EA-4CFF-BAF6-9315C5904E40}.Debug|Any CPU.Build.0 = Debug|Any CPU
		{1F340C8A-83EA-4CFF-BAF6-9315C5904E40}.Release|Any CPU.ActiveCfg = Release|Any CPU
		{1F340C8A-83EA-4CFF-BAF6-9315C5904E40}.Release|Any CPU.Build.0 = Release|Any CPU
		{0ABB3CC4-1C41-4614-A63B-BD8E190C3A4A}.Debug|Any CPU.ActiveCfg = Debug|Any CPU
		{0ABB3CC4-1C41-4614-A63B-BD8E190C3A4A}.Debug|Any CPU.Build.0 = Debug|Any CPU
		{0ABB3CC4-1C41-4614-A63B-BD8E190C3A4A}.Release|Any CPU.ActiveCfg = Release|Any CPU
		{0ABB3CC4-1C41-4614-A63B-BD8E190C3A4A}.Release|Any CPU.Build.0 = Release|Any CPU
		{60A04900-1AFC-443E-9020-04CA7F4B7538}.Debug|Any CPU.ActiveCfg = Debug|Any CPU
		{60A04900-1AFC-443E-9020-04CA7F4B7538}.Debug|Any CPU.Build.0 = Debug|Any CPU
		{60A04900-1AFC-443E-9020-04CA7F4B7538}.Release|Any CPU.ActiveCfg = Release|Any CPU
		{60A04900-1AFC-443E-9020-04CA7F4B7538}.Release|Any CPU.Build.0 = Release|Any CPU
		{19AA2A77-D42C-4AE5-8ADB-5E0AE0FC0C20}.Debug|Any CPU.ActiveCfg = Debug|Any CPU
		{19AA2A77-D42C-4AE5-8ADB-5E0AE0FC0C20}.Debug|Any CPU.Build.0 = Debug|Any CPU
		{19AA2A77-D42C-4AE5-8ADB-5E0AE0FC0C20}.Release|Any CPU.ActiveCfg = Release|Any CPU
		{19AA2A77-D42C-4AE5-8ADB-5E0AE0FC0C20}.Release|Any CPU.Build.0 = Release|Any CPU
		{BCA1E5A1-0C0B-447D-ADA8-CD30221D1396}.Debug|Any CPU.ActiveCfg = Debug|Any CPU
		{BCA1E5A1-0C0B-447D-ADA8-CD30221D1396}.Debug|Any CPU.Build.0 = Debug|Any CPU
		{BCA1E5A1-0C0B-447D-ADA8-CD30221D1396}.Release|Any CPU.ActiveCfg = Release|Any CPU
		{BCA1E5A1-0C0B-447D-ADA8-CD30221D1396}.Release|Any CPU.Build.0 = Release|Any CPU
		{E6D88363-D851-42E6-939A-91A0448966E6}.Debug|Any CPU.ActiveCfg = Debug|Any CPU
		{E6D88363-D851-42E6-939A-91A0448966E6}.Debug|Any CPU.Build.0 = Debug|Any CPU
		{E6D88363-D851-42E6-939A-91A0448966E6}.Release|Any CPU.ActiveCfg = Release|Any CPU
		{E6D88363-D851-42E6-939A-91A0448966E6}.Release|Any CPU.Build.0 = Release|Any CPU
		{2BA82BFA-03A2-4A22-9D6C-CC89BB6E8AD2}.Debug|Any CPU.ActiveCfg = Debug|Any CPU
		{2BA82BFA-03A2-4A22-9D6C-CC89BB6E8AD2}.Debug|Any CPU.Build.0 = Debug|Any CPU
		{2BA82BFA-03A2-4A22-9D6C-CC89BB6E8AD2}.Release|Any CPU.ActiveCfg = Release|Any CPU
		{2BA82BFA-03A2-4A22-9D6C-CC89BB6E8AD2}.Release|Any CPU.Build.0 = Release|Any CPU
		{9B19CB4E-1D09-4F78-BD46-E3327F2D9262}.Debug|Any CPU.ActiveCfg = Debug|Any CPU
		{9B19CB4E-1D09-4F78-BD46-E3327F2D9262}.Debug|Any CPU.Build.0 = Debug|Any CPU
		{9B19CB4E-1D09-4F78-BD46-E3327F2D9262}.Release|Any CPU.ActiveCfg = Release|Any CPU
		{9B19CB4E-1D09-4F78-BD46-E3327F2D9262}.Release|Any CPU.Build.0 = Release|Any CPU
		{DCB77545-0596-44B7-A92F-DEAFF404C1E8}.Debug|Any CPU.ActiveCfg = Debug|Any CPU
		{DCB77545-0596-44B7-A92F-DEAFF404C1E8}.Debug|Any CPU.Build.0 = Debug|Any CPU
		{DCB77545-0596-44B7-A92F-DEAFF404C1E8}.Release|Any CPU.ActiveCfg = Release|Any CPU
		{DCB77545-0596-44B7-A92F-DEAFF404C1E8}.Release|Any CPU.Build.0 = Release|Any CPU
		{E4AC3F55-6ADD-499E-812B-EA6B2A4AB91D}.Debug|Any CPU.ActiveCfg = Debug|Any CPU
		{E4AC3F55-6ADD-499E-812B-EA6B2A4AB91D}.Debug|Any CPU.Build.0 = Debug|Any CPU
		{E4AC3F55-6ADD-499E-812B-EA6B2A4AB91D}.Release|Any CPU.ActiveCfg = Release|Any CPU
		{E4AC3F55-6ADD-499E-812B-EA6B2A4AB91D}.Release|Any CPU.Build.0 = Release|Any CPU
		{4AF5C659-F790-4575-86F4-2403BFEF6A66}.Debug|Any CPU.ActiveCfg = Debug|Any CPU
		{4AF5C659-F790-4575-86F4-2403BFEF6A66}.Debug|Any CPU.Build.0 = Debug|Any CPU
		{4AF5C659-F790-4575-86F4-2403BFEF6A66}.Release|Any CPU.ActiveCfg = Release|Any CPU
		{4AF5C659-F790-4575-86F4-2403BFEF6A66}.Release|Any CPU.Build.0 = Release|Any CPU
	EndGlobalSection
	GlobalSection(SolutionProperties) = preSolution
		HideSolutionNode = FALSE
	EndGlobalSection
	GlobalSection(ExtensibilityGlobals) = postSolution
		SolutionGuid = {896298C1-10FF-431D-A364-5A19D9B987EF}
	EndGlobalSection
EndGlobal
