
Microsoft Visual Studio Solution File, Format Version 12.00
# Visual Studio Version 16
VisualStudioVersion = 16.0.32126.315
MinimumVisualStudioVersion = 10.0.40219.1
Project("{FAE04EC0-301F-11D3-BF4B-00C04F79EFBC}") = "B_LeControleur", "B_LeControleur\B_LeControleur.csproj", "{77145CD1-650C-44EC-9574-696707FFC0FF}"
EndProject
Project("{FAE04EC0-301F-11D3-BF4B-00C04F79EFBC}") = "A_PatternMVC", "A_PatternMVC\A_PatternMVC.csproj", "{9ECE781C-6D3B-4E25-BC34-D8DD066FA2C3}"
EndProject
Project("{FAE04EC0-301F-11D3-BF4B-00C04F79EFBC}") = "C_Todo_V1", "C_Todo_V1\C_Todo_V1.csproj", "{77D959ED-0D73-4421-BCE9-C763E8189042}"
EndProject
Project("{FAE04EC0-301F-11D3-BF4B-00C04F79EFBC}") = "D_Todo_V2", "D_Todo_V2\D_Todo_V2.csproj", "{897C4C0D-7562-47C2-ACA3-BA2D7B9CAC94}"
EndProject
Project("{FAE04EC0-301F-11D3-BF4B-00C04F79EFBC}") = "E_LeControleur_ModelBinder", "E_LeControleur_ModelBinder\E_LeControleur_ModelBinder.csproj", "{7078B6DD-FCF1-4BD7-94A5-59480BF60071}"
EndProject
Project("{FAE04EC0-301F-11D3-BF4B-00C04F79EFBC}") = "F_LeModele_Validation", "F_LeModele_Validation\F_LeModele_Validation.csproj", "{FE60EAC7-D772-44D1-A9C0-2F4A9E3B232D}"
EndProject
Project("{FAE04EC0-301F-11D3-BF4B-00C04F79EFBC}") = "G_LeControleurFactory", "G_LeControleurFactory\G_LeControleurFactory.csproj", "{21ABB04B-B8BD-4C2E-A74F-1D11BCC12B41}"
EndProject
Project("{FAE04EC0-301F-11D3-BF4B-00C04F79EFBC}") = "H_WebDeBase", "H_WebDeBase\H_WebDeBase.csproj", "{26FBA703-4E33-4C87-95E0-503905D1A854}"
EndProject
Project("{FAE04EC0-301F-11D3-BF4B-00C04F79EFBC}") = "I_HttpModule", "I_HttpModule\I_HttpModule.csproj", "{F41B5DED-7F58-4E7F-8F33-A14A3F3C107D}"
EndProject
Project("{FAE04EC0-301F-11D3-BF4B-00C04F79EFBC}") = "J_HttpHandler", "J_HttpHandler\J_HttpHandler.csproj", "{1581A0F6-903F-4B74-80EF-57311DAE761D}"
EndProject
Project("{FAE04EC0-301F-11D3-BF4B-00C04F79EFBC}") = "K_LeControleur_ParamView", "K_LeControleur_ParamView\K_LeControleur_ParamView.csproj", "{D341DC4C-6F27-4105-B233-C2A7563D7A44}"
EndProject
Global
	GlobalSection(SolutionConfigurationPlatforms) = preSolution
		Debug|Any CPU = Debug|Any CPU
		Release|Any CPU = Release|Any CPU
	EndGlobalSection
	GlobalSection(ProjectConfigurationPlatforms) = postSolution
		{77145CD1-650C-44EC-9574-696707FFC0FF}.Debug|Any CPU.ActiveCfg = Debug|Any CPU
		{77145CD1-650C-44EC-9574-696707FFC0FF}.Debug|Any CPU.Build.0 = Debug|Any CPU
		{77145CD1-650C-44EC-9574-696707FFC0FF}.Release|Any CPU.ActiveCfg = Release|Any CPU
		{77145CD1-650C-44EC-9574-696707FFC0FF}.Release|Any CPU.Build.0 = Release|Any CPU
		{9ECE781C-6D3B-4E25-BC34-D8DD066FA2C3}.Debug|Any CPU.ActiveCfg = Debug|Any CPU
		{9ECE781C-6D3B-4E25-BC34-D8DD066FA2C3}.Debug|Any CPU.Build.0 = Debug|Any CPU
		{9ECE781C-6D3B-4E25-BC34-D8DD066FA2C3}.Release|Any CPU.ActiveCfg = Release|Any CPU
		{9ECE781C-6D3B-4E25-BC34-D8DD066FA2C3}.Release|Any CPU.Build.0 = Release|Any CPU
		{77D959ED-0D73-4421-BCE9-C763E8189042}.Debug|Any CPU.ActiveCfg = Debug|Any CPU
		{77D959ED-0D73-4421-BCE9-C763E8189042}.Debug|Any CPU.Build.0 = Debug|Any CPU
		{77D959ED-0D73-4421-BCE9-C763E8189042}.Release|Any CPU.ActiveCfg = Release|Any CPU
		{77D959ED-0D73-4421-BCE9-C763E8189042}.Release|Any CPU.Build.0 = Release|Any CPU
		{897C4C0D-7562-47C2-ACA3-BA2D7B9CAC94}.Debug|Any CPU.ActiveCfg = Debug|Any CPU
		{897C4C0D-7562-47C2-ACA3-BA2D7B9CAC94}.Debug|Any CPU.Build.0 = Debug|Any CPU
		{897C4C0D-7562-47C2-ACA3-BA2D7B9CAC94}.Release|Any CPU.ActiveCfg = Release|Any CPU
		{897C4C0D-7562-47C2-ACA3-BA2D7B9CAC94}.Release|Any CPU.Build.0 = Release|Any CPU
		{7078B6DD-FCF1-4BD7-94A5-59480BF60071}.Debug|Any CPU.ActiveCfg = Debug|Any CPU
		{7078B6DD-FCF1-4BD7-94A5-59480BF60071}.Debug|Any CPU.Build.0 = Debug|Any CPU
		{7078B6DD-FCF1-4BD7-94A5-59480BF60071}.Release|Any CPU.ActiveCfg = Release|Any CPU
		{7078B6DD-FCF1-4BD7-94A5-59480BF60071}.Release|Any CPU.Build.0 = Release|Any CPU
		{FE60EAC7-D772-44D1-A9C0-2F4A9E3B232D}.Debug|Any CPU.ActiveCfg = Debug|Any CPU
		{FE60EAC7-D772-44D1-A9C0-2F4A9E3B232D}.Debug|Any CPU.Build.0 = Debug|Any CPU
		{FE60EAC7-D772-44D1-A9C0-2F4A9E3B232D}.Release|Any CPU.ActiveCfg = Release|Any CPU
		{FE60EAC7-D772-44D1-A9C0-2F4A9E3B232D}.Release|Any CPU.Build.0 = Release|Any CPU
		{21ABB04B-B8BD-4C2E-A74F-1D11BCC12B41}.Debug|Any CPU.ActiveCfg = Debug|Any CPU
		{21ABB04B-B8BD-4C2E-A74F-1D11BCC12B41}.Debug|Any CPU.Build.0 = Debug|Any CPU
		{21ABB04B-B8BD-4C2E-A74F-1D11BCC12B41}.Release|Any CPU.ActiveCfg = Release|Any CPU
		{21ABB04B-B8BD-4C2E-A74F-1D11BCC12B41}.Release|Any CPU.Build.0 = Release|Any CPU
		{26FBA703-4E33-4C87-95E0-503905D1A854}.Debug|Any CPU.ActiveCfg = Debug|Any CPU
		{26FBA703-4E33-4C87-95E0-503905D1A854}.Debug|Any CPU.Build.0 = Debug|Any CPU
		{26FBA703-4E33-4C87-95E0-503905D1A854}.Release|Any CPU.ActiveCfg = Release|Any CPU
		{26FBA703-4E33-4C87-95E0-503905D1A854}.Release|Any CPU.Build.0 = Release|Any CPU
		{F41B5DED-7F58-4E7F-8F33-A14A3F3C107D}.Debug|Any CPU.ActiveCfg = Debug|Any CPU
		{F41B5DED-7F58-4E7F-8F33-A14A3F3C107D}.Debug|Any CPU.Build.0 = Debug|Any CPU
		{F41B5DED-7F58-4E7F-8F33-A14A3F3C107D}.Release|Any CPU.ActiveCfg = Release|Any CPU
		{F41B5DED-7F58-4E7F-8F33-A14A3F3C107D}.Release|Any CPU.Build.0 = Release|Any CPU
		{1581A0F6-903F-4B74-80EF-57311DAE761D}.Debug|Any CPU.ActiveCfg = Debug|Any CPU
		{1581A0F6-903F-4B74-80EF-57311DAE761D}.Debug|Any CPU.Build.0 = Debug|Any CPU
		{1581A0F6-903F-4B74-80EF-57311DAE761D}.Release|Any CPU.ActiveCfg = Release|Any CPU
		{1581A0F6-903F-4B74-80EF-57311DAE761D}.Release|Any CPU.Build.0 = Release|Any CPU
		{D341DC4C-6F27-4105-B233-C2A7563D7A44}.Debug|Any CPU.ActiveCfg = Debug|Any CPU
		{D341DC4C-6F27-4105-B233-C2A7563D7A44}.Debug|Any CPU.Build.0 = Debug|Any CPU
		{D341DC4C-6F27-4105-B233-C2A7563D7A44}.Release|Any CPU.ActiveCfg = Release|Any CPU
		{D341DC4C-6F27-4105-B233-C2A7563D7A44}.Release|Any CPU.Build.0 = Release|Any CPU
	EndGlobalSection
	GlobalSection(SolutionProperties) = preSolution
		HideSolutionNode = FALSE
	EndGlobalSection
	GlobalSection(ExtensibilityGlobals) = postSolution
		SolutionGuid = {0EBA3692-80C2-4E30-AA6F-6C7D9A2A2BEC}
	EndGlobalSection
EndGlobal
