
Microsoft Visual Studio Solution File, Format Version 12.00
# Visual Studio Version 16
VisualStudioVersion = 16.0.32126.315
MinimumVisualStudioVersion = 10.0.40219.1
Project("{FAE04EC0-301F-11D3-BF4B-00C04F79EFBC}") = "B_LeControleur", "B_LeControleur\B_LeControleur.csproj", "{77145CD1-650C-44EC-9574-696707FFC0FF}"
EndProject
Project("{FAE04EC0-301F-11D3-BF4B-00C04F79EFBC}") = "A_PatternMVC", "A_PatternMVC\A_PatternMVC.csproj", "{9ECE781C-6D3B-4E25-BC34-D8DD066FA2C3}"
EndProject
Project("{FAE04EC0-301F-11D3-BF4B-00C04F79EFBC}") = "C_Todo_V1", "C_Todo_V1\C_Todo_V1.csproj", "{77D959ED-0D73-4421-BCE9-C763E8189042}"
EndProject
Global
	GlobalSection(SolutionConfigurationPlatforms) = preSolution
		Debug|Any CPU = Debug|Any CPU
		Release|Any CPU = Release|Any CPU
	EndGlobalSection
	GlobalSection(ProjectConfigurationPlatforms) = postSolution
		{77145CD1-650C-44EC-9574-696707FFC0FF}.Debug|Any CPU.ActiveCfg = Debug|Any CPU
		{77145CD1-650C-44EC-9574-696707FFC0FF}.Debug|Any CPU.Build.0 = Debug|Any CPU
		{77145CD1-650C-44EC-9574-696707FFC0FF}.Release|Any CPU.ActiveCfg = Release|Any CPU
		{77145CD1-650C-44EC-9574-696707FFC0FF}.Release|Any CPU.Build.0 = Release|Any CPU
		{9ECE781C-6D3B-4E25-BC34-D8DD066FA2C3}.Debug|Any CPU.ActiveCfg = Debug|Any CPU
		{9ECE781C-6D3B-4E25-BC34-D8DD066FA2C3}.Debug|Any CPU.Build.0 = Debug|Any CPU
		{9ECE781C-6D3B-4E25-BC34-D8DD066FA2C3}.Release|Any CPU.ActiveCfg = Release|Any CPU
		{9ECE781C-6D3B-4E25-BC34-D8DD066FA2C3}.Release|Any CPU.Build.0 = Release|Any CPU
		{77D959ED-0D73-4421-BCE9-C763E8189042}.Debug|Any CPU.ActiveCfg = Debug|Any CPU
		{77D959ED-0D73-4421-BCE9-C763E8189042}.Debug|Any CPU.Build.0 = Debug|Any CPU
		{77D959ED-0D73-4421-BCE9-C763E8189042}.Release|Any CPU.ActiveCfg = Release|Any CPU
		{77D959ED-0D73-4421-BCE9-C763E8189042}.Release|Any CPU.Build.0 = Release|Any CPU
	EndGlobalSection
	GlobalSection(SolutionProperties) = preSolution
		HideSolutionNode = FALSE
	EndGlobalSection
	GlobalSection(ExtensibilityGlobals) = postSolution
		SolutionGuid = {0EBA3692-80C2-4E30-AA6F-6C7D9A2A2BEC}
	EndGlobalSection
EndGlobal
