
Microsoft Visual Studio Solution File, Format Version 12.00
# Visual Studio Version 16
VisualStudioVersion = 16.0.32126.315
MinimumVisualStudioVersion = 10.0.40219.1
Project("{FAE04EC0-301F-11D3-BF4B-00C04F79EFBC}") = "A_PremierSite", "PremierSite\A_PremierSite.csproj", "{F2AC6AD8-0822-4EA6-978B-739C76CA5400}"
EndProject
Project("{FAE04EC0-301F-11D3-BF4B-00C04F79EFBC}") = "B_WebFormDemo", "WebFormDemo\B_WebFormDemo.csproj", "{5C11F156-64D4-412B-912B-D79DBA2F23C3}"
EndProject
Project("{FAE04EC0-301F-11D3-BF4B-00C04F79EFBC}") = "C_AspnetMvcDemo", "C_AspnetMvcDemo\C_AspnetMvcDemo.csproj", "{2E7580E5-CC46-4FB4-8858-9D7CBE3015C5}"
EndProject
Project("{FAE04EC0-301F-11D3-BF4B-00C04F79EFBC}") = "D_Lab02", "D_Lab02\D_Lab02.csproj", "{E53BCD25-3954-4BE9-98FE-0DF668588A99}"
EndProject
Project("{FAE04EC0-301F-11D3-BF4B-00C04F79EFBC}") = "E_Javascript", "E_Javascript\E_Javascript.csproj", "{3C589151-12E0-4CDA-BF7D-4126F876AFB2}"
EndProject
Project("{FAE04EC0-301F-11D3-BF4B-00C04F79EFBC}") = "F_JQueryDemo", "JQueryDemo\F_JQueryDemo.csproj", "{C336A1B8-E7CE-4983-8317-4078658C327F}"
EndProject
Project("{FAE04EC0-301F-11D3-BF4B-00C04F79EFBC}") = "G_Lab03", "G_Lab03\G_Lab03.csproj", "{AD50A007-8713-4469-B72E-87A821950F9F}"
EndProject
Project("{FAE04EC0-301F-11D3-BF4B-00C04F79EFBC}") = "H_Validation", "H_Validation\H_Validation.csproj", "{D1900232-9153-4C19-8148-F065655C2D58}"
EndProject
Project("{FAE04EC0-301F-11D3-BF4B-00C04F79EFBC}") = "I_Lab004", "I_Lab004\I_Lab004.csproj", "{B69D32DC-44D5-4156-B513-38640DD47EC5}"
EndProject
Global
	GlobalSection(SolutionConfigurationPlatforms) = preSolution
		Debug|Any CPU = Debug|Any CPU
		Release|Any CPU = Release|Any CPU
	EndGlobalSection
	GlobalSection(ProjectConfigurationPlatforms) = postSolution
		{F2AC6AD8-0822-4EA6-978B-739C76CA5400}.Debug|Any CPU.ActiveCfg = Debug|Any CPU
		{F2AC6AD8-0822-4EA6-978B-739C76CA5400}.Debug|Any CPU.Build.0 = Debug|Any CPU
		{F2AC6AD8-0822-4EA6-978B-739C76CA5400}.Release|Any CPU.ActiveCfg = Release|Any CPU
		{F2AC6AD8-0822-4EA6-978B-739C76CA5400}.Release|Any CPU.Build.0 = Release|Any CPU
		{5C11F156-64D4-412B-912B-D79DBA2F23C3}.Debug|Any CPU.ActiveCfg = Debug|Any CPU
		{5C11F156-64D4-412B-912B-D79DBA2F23C3}.Debug|Any CPU.Build.0 = Debug|Any CPU
		{5C11F156-64D4-412B-912B-D79DBA2F23C3}.Release|Any CPU.ActiveCfg = Release|Any CPU
		{5C11F156-64D4-412B-912B-D79DBA2F23C3}.Release|Any CPU.Build.0 = Release|Any CPU
		{2E7580E5-CC46-4FB4-8858-9D7CBE3015C5}.Debug|Any CPU.ActiveCfg = Debug|Any CPU
		{2E7580E5-CC46-4FB4-8858-9D7CBE3015C5}.Debug|Any CPU.Build.0 = Debug|Any CPU
		{2E7580E5-CC46-4FB4-8858-9D7CBE3015C5}.Release|Any CPU.ActiveCfg = Release|Any CPU
		{2E7580E5-CC46-4FB4-8858-9D7CBE3015C5}.Release|Any CPU.Build.0 = Release|Any CPU
		{E53BCD25-3954-4BE9-98FE-0DF668588A99}.Debug|Any CPU.ActiveCfg = Debug|Any CPU
		{E53BCD25-3954-4BE9-98FE-0DF668588A99}.Debug|Any CPU.Build.0 = Debug|Any CPU
		{E53BCD25-3954-4BE9-98FE-0DF668588A99}.Release|Any CPU.ActiveCfg = Release|Any CPU
		{E53BCD25-3954-4BE9-98FE-0DF668588A99}.Release|Any CPU.Build.0 = Release|Any CPU
		{3C589151-12E0-4CDA-BF7D-4126F876AFB2}.Debug|Any CPU.ActiveCfg = Debug|Any CPU
		{3C589151-12E0-4CDA-BF7D-4126F876AFB2}.Debug|Any CPU.Build.0 = Debug|Any CPU
		{3C589151-12E0-4CDA-BF7D-4126F876AFB2}.Release|Any CPU.ActiveCfg = Release|Any CPU
		{3C589151-12E0-4CDA-BF7D-4126F876AFB2}.Release|Any CPU.Build.0 = Release|Any CPU
		{C336A1B8-E7CE-4983-8317-4078658C327F}.Debug|Any CPU.ActiveCfg = Debug|Any CPU
		{C336A1B8-E7CE-4983-8317-4078658C327F}.Debug|Any CPU.Build.0 = Debug|Any CPU
		{C336A1B8-E7CE-4983-8317-4078658C327F}.Release|Any CPU.ActiveCfg = Release|Any CPU
		{C336A1B8-E7CE-4983-8317-4078658C327F}.Release|Any CPU.Build.0 = Release|Any CPU
		{AD50A007-8713-4469-B72E-87A821950F9F}.Debug|Any CPU.ActiveCfg = Debug|Any CPU
		{AD50A007-8713-4469-B72E-87A821950F9F}.Debug|Any CPU.Build.0 = Debug|Any CPU
		{AD50A007-8713-4469-B72E-87A821950F9F}.Release|Any CPU.ActiveCfg = Release|Any CPU
		{AD50A007-8713-4469-B72E-87A821950F9F}.Release|Any CPU.Build.0 = Release|Any CPU
		{D1900232-9153-4C19-8148-F065655C2D58}.Debug|Any CPU.ActiveCfg = Debug|Any CPU
		{D1900232-9153-4C19-8148-F065655C2D58}.Debug|Any CPU.Build.0 = Debug|Any CPU
		{D1900232-9153-4C19-8148-F065655C2D58}.Release|Any CPU.ActiveCfg = Release|Any CPU
		{D1900232-9153-4C19-8148-F065655C2D58}.Release|Any CPU.Build.0 = Release|Any CPU
		{B69D32DC-44D5-4156-B513-38640DD47EC5}.Debug|Any CPU.ActiveCfg = Debug|Any CPU
		{B69D32DC-44D5-4156-B513-38640DD47EC5}.Debug|Any CPU.Build.0 = Debug|Any CPU
		{B69D32DC-44D5-4156-B513-38640DD47EC5}.Release|Any CPU.ActiveCfg = Release|Any CPU
		{B69D32DC-44D5-4156-B513-38640DD47EC5}.Release|Any CPU.Build.0 = Release|Any CPU
	EndGlobalSection
	GlobalSection(SolutionProperties) = preSolution
		HideSolutionNode = FALSE
	EndGlobalSection
	GlobalSection(ExtensibilityGlobals) = postSolution
		SolutionGuid = {10AC9B8C-434A-4382-92B5-B6D6E3073F82}
	EndGlobalSection
EndGlobal
